// !$*UTF8*$!
{
	archiveVersion = 1;
	classes = {
	};
	objectVersion = 46;
	objects = {

/* Begin PBXBuildFile section */
		28E016401A81199F0035F54F /* AppDelegate.swift in Sources */ = {isa = PBXBuildFile; fileRef = 28E0163F1A81199F0035F54F /* AppDelegate.swift */; };
		28E016421A81199F0035F54F /* ViewController.swift in Sources */ = {isa = PBXBuildFile; fileRef = 28E016411A81199F0035F54F /* ViewController.swift */; };
		28E016451A81199F0035F54F /* Main.storyboard in Resources */ = {isa = PBXBuildFile; fileRef = 28E016431A81199F0035F54F /* Main.storyboard */; };
		28E016471A81199F0035F54F /* Images.xcassets in Resources */ = {isa = PBXBuildFile; fileRef = 28E016461A81199F0035F54F /* Images.xcassets */; };
		28E0164A1A81199F0035F54F /* LaunchScreen.xib in Resources */ = {isa = PBXBuildFile; fileRef = 28E016481A81199F0035F54F /* LaunchScreen.xib */; };
		28E016561A81199F0035F54F /* test123Tests.swift in Sources */ = {isa = PBXBuildFile; fileRef = 28E016551A81199F0035F54F /* test123Tests.swift */; };
/* End PBXBuildFile section */

/* Begin PBXContainerItemProxy section */
		28E016501A81199F0035F54F /* PBXContainerItemProxy */ = {
			isa = PBXContainerItemProxy;
			containerPortal = 28E016321A81199F0035F54F /* Project object */;
			proxyType = 1;
			remoteGlobalIDString = 28E016391A81199F0035F54F;
			remoteInfo = test123;
		};
/* End PBXContainerItemProxy section */

/* Begin PBXFileReference section */
		28E0163A1A81199F0035F54F /* test123.app */ = {isa = PBXFileReference; explicitFileType = wrapper.application; includeInIndex = 0; path = test123.app; sourceTree = BUILT_PRODUCTS_DIR; };
		28E0163E1A81199F0035F54F /* Info.plist */ = {isa = PBXFileReference; lastKnownFileType = text.plist.xml; path = Info.plist; sourceTree = "<group>"; };
		28E0163F1A81199F0035F54F /* AppDelegate.swift */ = {isa = PBXFileReference; lastKnownFileType = sourcecode.swift; path = AppDelegate.swift; sourceTree = "<group>"; };
		28E016411A81199F0035F54F /* ViewController.swift */ = {isa = PBXFileReference; lastKnownFileType = sourcecode.swift; path = ViewController.swift; sourceTree = "<group>"; };
		28E016441A81199F0035F54F /* Base */ = {isa = PBXFileReference; lastKnownFileType = file.storyboard; name = Base; path = Base.lproj/Main.storyboard; sourceTree = "<group>"; };
		28E016461A81199F0035F54F /* Images.xcassets */ = {isa = PBXFileReference; lastKnownFileType = folder.assetcatalog; path = Images.xcassets; sourceTree = "<group>"; };
		28E016491A81199F0035F54F /* Base */ = {isa = PBXFileReference; lastKnownFileType = file.xib; name = Base; path = Base.lproj/LaunchScreen.xib; sourceTree = "<group>"; };
		28E0164F1A81199F0035F54F /* test123Tests.xctest */ = {isa = PBXFileReference; explicitFileType = wrapper.cfbundle; includeInIndex = 0; path = test123Tests.xctest; sourceTree = BUILT_PRODUCTS_DIR; };
		28E016541A81199F0035F54F /* Info.plist */ = {isa = PBXFileReference; lastKnownFileType = text.plist.xml; path = Info.plist; sourceTree = "<group>"; };
		28E016551A81199F0035F54F /* test123Tests.swift */ = {isa = PBXFileReference; lastKnownFileType = sourcecode.swift; path = test123Tests.swift; sourceTree = "<group>"; };
/* End PBXFileReference section */

/* Begin PBXFrameworksBuildPhase section */
		28E016371A81199F0035F54F /* Frameworks */ = {
			isa = PBXFrameworksBuildPhase;
			buildActionMask = 2147483647;
			files = (
			);
			runOnlyForDeploymentPostprocessing = 0;
		};
		28E0164C1A81199F0035F54F /* Frameworks */ = {
			isa = PBXFrameworksBuildPhase;
			buildActionMask = 2147483647;
			files = (
			);
			runOnlyForDeploymentPostprocessing = 0;
		};
/* End PBXFrameworksBuildPhase section */

/* Begin PBXGroup section */
		28E016311A81199F0035F54F = {
			isa = PBXGroup;
			children = (
				28E0163C1A81199F0035F54F /* test123 */,
				28E016521A81199F0035F54F /* test123Tests */,
				28E0163B1A81199F0035F54F /* Products */,
			);
			sourceTree = "<group>";
		};
		28E0163B1A81199F0035F54F /* Products */ = {
			isa = PBXGroup;
			children = (
				28E0163A1A81199F0035F54F /* test123.app */,
				28E0164F1A81199F0035F54F /* test123Tests.xctest */,
			);
			name = Products;
			sourceTree = "<group>";
		};
		28E0163C1A81199F0035F54F /* test123 */ = {
			isa = PBXGroup;
			children = (
				28E0163F1A81199F0035F54F /* AppDelegate.swift */,
				28E016411A81199F0035F54F /* ViewController.swift */,
				28E016431A81199F0035F54F /* Main.storyboard */,
				28E016461A81199F0035F54F /* Images.xcassets */,
				28E016481A81199F0035F54F /* LaunchScreen.xib */,
				28E0163D1A81199F0035F54F /* Supporting Files */,
			);
			path = test123;
			sourceTree = "<group>";
		};
		28E0163D1A81199F0035F54F /* Supporting Files */ = {
			isa = PBXGroup;
			children = (
				28E0163E1A81199F0035F54F /* Info.plist */,
			);
			name = "Supporting Files";
			sourceTree = "<group>";
		};
		28E016521A81199F0035F54F /* test123Tests */ = {
			isa = PBXGroup;
			children = (
				28E016551A81199F0035F54F /* test123Tests.swift */,
				28E016531A81199F0035F54F /* Supporting Files */,
			);
			path = test123Tests;
			sourceTree = "<group>";
		};
		28E016531A81199F0035F54F /* Supporting Files */ = {
			isa = PBXGroup;
			children = (
				28E016541A81199F0035F54F /* Info.plist */,
			);
			name = "Supporting Files";
			sourceTree = "<group>";
		};
/* End PBXGroup section */

/* Begin PBXNativeTarget section */
		28E016391A81199F0035F54F /* test123 */ = {
			isa = PBXNativeTarget;
			buildConfigurationList = 28E016591A81199F0035F54F /* Build configuration list for PBXNativeTarget "test123" */;
			buildPhases = (
				28E016361A81199F0035F54F /* Sources */,
				28E016371A81199F0035F54F /* Frameworks */,
				28E016381A81199F0035F54F /* Resources */,
			);
			buildRules = (
			);
			dependencies = (
			);
			name = test123;
			productName = test123;
			productReference = 28E0163A1A81199F0035F54F /* test123.app */;
			productType = "com.apple.product-type.application";
		};
		28E0164E1A81199F0035F54F /* test123Tests */ = {
			isa = PBXNativeTarget;
			buildConfigurationList = 28E0165C1A81199F0035F54F /* Build configuration list for PBXNativeTarget "test123Tests" */;
			buildPhases = (
				28E0164B1A81199F0035F54F /* Sources */,
				28E0164C1A81199F0035F54F /* Frameworks */,
				28E0164D1A81199F0035F54F /* Resources */,
			);
			buildRules = (
			);
			dependencies = (
				28E016511A81199F0035F54F /* PBXTargetDependency */,
			);
			name = test123Tests;
			productName = test123Tests;
			productReference = 28E0164F1A81199F0035F54F /* test123Tests.xctest */;
			productType = "com.apple.product-type.bundle.unit-test";
		};
/* End PBXNativeTarget section */

/* Begin PBXProject section */
		28E016321A81199F0035F54F /* Project object */ = {
			isa = PBXProject;
			attributes = {
				LastUpgradeCheck = 0610;
				ORGANIZATIONNAME = "Johanna Ostrich";
				TargetAttributes = {
					28E016391A81199F0035F54F = {
						CreatedOnToolsVersion = 6.1.1;
					};
					28E0164E1A81199F0035F54F = {
						CreatedOnToolsVersion = 6.1.1;
						TestTargetID = 28E016391A81199F0035F54F;
					};
				};
			};
			buildConfigurationList = 28E016351A81199F0035F54F /* Build configuration list for PBXProject "test123" */;
			compatibilityVersion = "Xcode 3.2";
			developmentRegion = English;
			hasScannedForEncodings = 0;
			knownRegions = (
				en,
				Base,
			);
			mainGroup = 28E016311A81199F0035F54F;
			productRefGroup = 28E0163B1A81199F0035F54F /* Products */;
			projectDirPath = "";
			projectRoot = "";
			targets = (
				28E016391A81199F0035F54F /* test123 */,
				28E0164E1A81199F0035F54F /* test123Tests */,
			);
		};
/* End PBXProject section */

/* Begin PBXResourcesBuildPhase section */
		28E016381A81199F0035F54F /* Resources */ = {
			isa = PBXResourcesBuildPhase;
			buildActionMask = 2147483647;
			files = (
				28E016451A81199F0035F54F /* Main.storyboard in Resources */,
				28E0164A1A81199F0035F54F /* LaunchScreen.xib in Resources */,
				28E016471A81199F0035F54F /* Images.xcassets in Resources */,
			);
			runOnlyForDeploymentPostprocessing = 0;
		};
		28E0164D1A81199F0035F54F /* Resources */ = {
			isa = PBXResourcesBuildPhase;
			buildActionMask = 2147483647;
			files = (
			);
			runOnlyForDeploymentPostprocessing = 0;
		};
/* End PBXResourcesBuildPhase section */

/* Begin PBXSourcesBuildPhase section */
		28E016361A81199F0035F54F /* Sources */ = {
			isa = PBXSourcesBuildPhase;
			buildActionMask = 2147483647;
			files = (
				28E016421A81199F0035F54F /* ViewController.swift in Sources */,
				28E016401A81199F0035F54F /* AppDelegate.swift in Sources */,
			);
			runOnlyForDeploymentPostprocessing = 0;
		};
		28E0164B1A81199F0035F54F /* Sources */ = {
			isa = PBXSourcesBuildPhase;
			buildActionMask = 2147483647;
			files = (
				28E016561A81199F0035F54F /* test123Tests.swift in Sources */,
			);
			runOnlyForDeploymentPostprocessing = 0;
		};
/* End PBXSourcesBuildPhase section */

/* Begin PBXTargetDependency section */
		28E016511A81199F0035F54F /* PBXTargetDependency */ = {
			isa = PBXTargetDependency;
			target = 28E016391A81199F0035F54F /* test123 */;
			targetProxy = 28E016501A81199F0035F54F /* PBXContainerItemProxy */;
		};
/* End PBXTargetDependency section */

/* Begin PBXVariantGroup section */
		28E016431A81199F0035F54F /* Main.storyboard */ = {
			isa = PBXVariantGroup;
			children = (
				28E016441A81199F0035F54F /* Base */,
			);
			name = Main.storyboard;
			sourceTree = "<group>";
		};
		28E016481A81199F0035F54F /* LaunchScreen.xib */ = {
			isa = PBXVariantGroup;
			children = (
				28E016491A81199F0035F54F /* Base */,
			);
			name = LaunchScreen.xib;
			sourceTree = "<group>";
		};
/* End PBXVariantGroup section */

/* Begin XCBuildConfiguration section */
		28E016571A81199F0035F54F /* Debug */ = {
			isa = XCBuildConfiguration;
			buildSettings = {
				ALWAYS_SEARCH_USER_PATHS = NO;
				CLANG_CXX_LANGUAGE_STANDARD = "gnu++0x";
				CLANG_CXX_LIBRARY = "libc++";
				CLANG_ENABLE_MODULES = YES;
				CLANG_ENABLE_OBJC_ARC = YES;
				CLANG_WARN_BOOL_CONVERSION = YES;
				CLANG_WARN_CONSTANT_CONVERSION = YES;
				CLANG_WARN_DIRECT_OBJC_ISA_USAGE = YES_ERROR;
				CLANG_WARN_EMPTY_BODY = YES;
				CLANG_WARN_ENUM_CONVERSION = YES;
				CLANG_WARN_INT_CONVERSION = YES;
				CLANG_WARN_OBJC_ROOT_CLASS = YES_ERROR;
				CLANG_WARN_UNREACHABLE_CODE = YES;
				CLANG_WARN__DUPLICATE_METHOD_MATCH = YES;
				"CODE_SIGN_IDENTITY[sdk=iphoneos*]" = "iPhone Developer";
				COPY_PHASE_STRIP = NO;
				ENABLE_STRICT_OBJC_MSGSEND = YES;
				GCC_C_LANGUAGE_STANDARD = gnu99;
				GCC_DYNAMIC_NO_PIC = NO;
				GCC_OPTIMIZATION_LEVEL = 0;
				GCC_PREPROCESSOR_DEFINITIONS = (
					"DEBUG=1",
					"$(inherited)",
				);
				GCC_SYMBOLS_PRIVATE_EXTERN = NO;
				GCC_WARN_64_TO_32_BIT_CONVERSION = YES;
				GCC_WARN_ABOUT_RETURN_TYPE = YES_ERROR;
				GCC_WARN_UNDECLARED_SELECTOR = YES;
				GCC_WARN_UNINITIALIZED_AUTOS = YES_AGGRESSIVE;
				GCC_WARN_UNUSED_FUNCTION = YES;
				GCC_WARN_UNUSED_VARIABLE = YES;
				IPHONEOS_DEPLOYMENT_TARGET = 8.1;
				MTL_ENABLE_DEBUG_INFO = YES;
				ONLY_ACTIVE_ARCH = YES;
				SDKROOT = iphoneos;
				SWIFT_OPTIMIZATION_LEVEL = "-Onone";
			};
			name = Debug;
		};
		28E016581A81199F0035F54F /* Release */ = {
			isa = XCBuildConfiguration;
			buildSettings = {
				ALWAYS_SEARCH_USER_PATHS = NO;
				CLANG_CXX_LANGUAGE_STANDARD = "gnu++0x";
				CLANG_CXX_LIBRARY = "libc++";
				CLANG_ENABLE_MODULES = YES;
				CLANG_ENABLE_OBJC_ARC = YES;
				CLANG_WARN_BOOL_CONVERSION = YES;
				CLANG_WARN_CONSTANT_CONVERSION = YES;
				CLANG_WARN_DIRECT_OBJC_ISA_USAGE = YES_ERROR;
				CLANG_WARN_EMPTY_BODY = YES;
				CLANG_WARN_ENUM_CONVERSION = YES;
				CLANG_WARN_INT_CONVERSION = YES;
				CLANG_WARN_OBJC_ROOT_CLASS = YES_ERROR;
				CLANG_WARN_UNREACHABLE_CODE = YES;
				CLANG_WARN__DUPLICATE_METHOD_MATCH = YES;
				"CODE_SIGN_IDENTITY[sdk=iphoneos*]" = "iPhone Developer";
				COPY_PHASE_STRIP = YES;
				ENABLE_NS_ASSERTIONS = NO;
				ENABLE_STRICT_OBJC_MSGSEND = YES;
				GCC_C_LANGUAGE_STANDARD = gnu99;
				GCC_WARN_64_TO_32_BIT_CONVERSION = YES;
				GCC_WARN_ABOUT_RETURN_TYPE = YES_ERROR;
				GCC_WARN_UNDECLARED_SELECTOR = YES;
				GCC_WARN_UNINITIALIZED_AUTOS = YES_AGGRESSIVE;
				GCC_WARN_UNUSED_FUNCTION = YES;
				GCC_WARN_UNUSED_VARIABLE = YES;
				IPHONEOS_DEPLOYMENT_TARGET = 8.1;
				MTL_ENABLE_DEBUG_INFO = NO;
				SDKROOT = iphoneos;
				VALIDATE_PRODUCT = YES;
			};
			name = Release;
		};
		28E0165A1A81199F0035F54F /* Debug */ = {
			isa = XCBuildConfiguration;
			buildSettings = {
				ASSETCATALOG_COMPILER_APPICON_NAME = AppIcon;
				INFOPLIST_FILE = test123/Info.plist;
				LD_RUNPATH_SEARCH_PATHS = "$(inherited) @executable_path/Frameworks";
				PRODUCT_NAME = "$(TARGET_NAME)";
			};
			name = Debug;
		};
		28E0165B1A81199F0035F54F /* Release */ = {
			isa = XCBuildConfiguration;
			buildSettings = {
				ASSETCATALOG_COMPILER_APPICON_NAME = AppIcon;
				INFOPLIST_FILE = test123/Info.plist;
				LD_RUNPATH_SEARCH_PATHS = "$(inherited) @executable_path/Frameworks";
				PRODUCT_NAME = "$(TARGET_NAME)";
			};
			name = Release;
		};
		28E0165D1A81199F0035F54F /* Debug */ = {
			isa = XCBuildConfiguration;
			buildSettings = {
				BUNDLE_LOADER = "$(TEST_HOST)";
				FRAMEWORK_SEARCH_PATHS = (
					"$(SDKROOT)/Developer/Library/Frameworks",
					"$(inherited)",
				);
				GCC_PREPROCESSOR_DEFINITIONS = (
					"DEBUG=1",
					"$(inherited)",
				);
				INFOPLIST_FILE = test123Tests/Info.plist;
				LD_RUNPATH_SEARCH_PATHS = "$(inherited) @executable_path/Frameworks @loader_path/Frameworks";
				PRODUCT_NAME = "$(TARGET_NAME)";
				TEST_HOST = "$(BUILT_PRODUCTS_DIR)/test123.app/test123";
			};
			name = Debug;
		};
		28E0165E1A81199F0035F54F /* Release */ = {
			isa = XCBuildConfiguration;
			buildSettings = {
				BUNDLE_LOADER = "$(TEST_HOST)";
				FRAMEWORK_SEARCH_PATHS = (
					"$(SDKROOT)/Developer/Library/Frameworks",
					"$(inherited)",
				);
				INFOPLIST_FILE = test123Tests/Info.plist;
				LD_RUNPATH_SEARCH_PATHS = "$(inherited) @executable_path/Frameworks @loader_path/Frameworks";
				PRODUCT_NAME = "$(TARGET_NAME)";
				TEST_HOST = "$(BUILT_PRODUCTS_DIR)/test123.app/test123";
			};
			name = Release;
		};
/* End XCBuildConfiguration section */

/* Begin XCConfigurationList section */
		28E016351A81199F0035F54F /* Build configuration list for PBXProject "test123" */ = {
			isa = XCConfigurationList;
			buildConfigurations = (
				28E016571A81199F0035F54F /* Debug */,
				28E016581A81199F0035F54F /* Release */,
			);
			defaultConfigurationIsVisible = 0;
			defaultConfigurationName = Release;
		};
		28E016591A81199F0035F54F /* Build configuration list for PBXNativeTarget "test123" */ = {
			isa = XCConfigurationList;
			buildConfigurations = (
				28E0165A1A81199F0035F54F /* Debug */,
				28E0165B1A81199F0035F54F /* Release */,
			);
			defaultConfigurationIsVisible = 0;
		};
		28E0165C1A81199F0035F54F /* Build configuration list for PBXNativeTarget "test123Tests" */ = {
			isa = XCConfigurationList;
			buildConfigurations = (
				28E0165D1A81199F0035F54F /* Debug */,
				28E0165E1A81199F0035F54F /* Release */,
			);
			defaultConfigurationIsVisible = 0;
		};
/* End XCConfigurationList section */
	};
	rootObject = 28E016321A81199F0035F54F /* Project object */;
}
