// !$*UTF8*$!
{
	archiveVersion = 1;
	classes = {
	};
	objectVersion = 46;
	objects = {

/* Begin PBXBuildFile section */
		28244BF21A89A9480080E49E /* AppDelegate.swift in Sources */ = {isa = PBXBuildFile; fileRef = 28244BF11A89A9480080E49E /* AppDelegate.swift */; };
		28244BF41A89A9480080E49E /* ViewController.swift in Sources */ = {isa = PBXBuildFile; fileRef = 28244BF31A89A9480080E49E /* ViewController.swift */; };
		28244BF71A89A9480080E49E /* Main.storyboard in Resources */ = {isa = PBXBuildFile; fileRef = 28244BF51A89A9480080E49E /* Main.storyboard */; };
		28244BF91A89A9480080E49E /* Images.xcassets in Resources */ = {isa = PBXBuildFile; fileRef = 28244BF81A89A9480080E49E /* Images.xcassets */; };
		28244BFC1A89A9480080E49E /* LaunchScreen.xib in Resources */ = {isa = PBXBuildFile; fileRef = 28244BFA1A89A9480080E49E /* LaunchScreen.xib */; };
		28244C081A89A9480080E49E /* mytestprojectTests.swift in Sources */ = {isa = PBXBuildFile; fileRef = 28244C071A89A9480080E49E /* mytestprojectTests.swift */; };
/* End PBXBuildFile section */

/* Begin PBXContainerItemProxy section */
		28244C021A89A9480080E49E /* PBXContainerItemProxy */ = {
			isa = PBXContainerItemProxy;
			containerPortal = 28244BE41A89A9480080E49E /* Project object */;
			proxyType = 1;
			remoteGlobalIDString = 28244BEB1A89A9480080E49E;
			remoteInfo = mytestproject;
		};
/* End PBXContainerItemProxy section */

/* Begin PBXFileReference section */
		28244BEC1A89A9480080E49E /* mytestproject.app */ = {isa = PBXFileReference; explicitFileType = wrapper.application; includeInIndex = 0; path = mytestproject.app; sourceTree = BUILT_PRODUCTS_DIR; };
		28244BF01A89A9480080E49E /* Info.plist */ = {isa = PBXFileReference; lastKnownFileType = text.plist.xml; path = Info.plist; sourceTree = "<group>"; };
		28244BF11A89A9480080E49E /* AppDelegate.swift */ = {isa = PBXFileReference; lastKnownFileType = sourcecode.swift; path = AppDelegate.swift; sourceTree = "<group>"; };
		28244BF31A89A9480080E49E /* ViewController.swift */ = {isa = PBXFileReference; lastKnownFileType = sourcecode.swift; path = ViewController.swift; sourceTree = "<group>"; };
		28244BF61A89A9480080E49E /* Base */ = {isa = PBXFileReference; lastKnownFileType = file.storyboard; name = Base; path = Base.lproj/Main.storyboard; sourceTree = "<group>"; };
		28244BF81A89A9480080E49E /* Images.xcassets */ = {isa = PBXFileReference; lastKnownFileType = folder.assetcatalog; path = Images.xcassets; sourceTree = "<group>"; };
		28244BFB1A89A9480080E49E /* Base */ = {isa = PBXFileReference; lastKnownFileType = file.xib; name = Base; path = Base.lproj/LaunchScreen.xib; sourceTree = "<group>"; };
		28244C011A89A9480080E49E /* mytestprojectTests.xctest */ = {isa = PBXFileReference; explicitFileType = wrapper.cfbundle; includeInIndex = 0; path = mytestprojectTests.xctest; sourceTree = BUILT_PRODUCTS_DIR; };
		28244C061A89A9480080E49E /* Info.plist */ = {isa = PBXFileReference; lastKnownFileType = text.plist.xml; path = Info.plist; sourceTree = "<group>"; };
		28244C071A89A9480080E49E /* mytestprojectTests.swift */ = {isa = PBXFileReference; lastKnownFileType = sourcecode.swift; path = mytestprojectTests.swift; sourceTree = "<group>"; };
/* End PBXFileReference section */

/* Begin PBXFrameworksBuildPhase section */
		28244BE91A89A9480080E49E /* Frameworks */ = {
			isa = PBXFrameworksBuildPhase;
			buildActionMask = 2147483647;
			files = (
			);
			runOnlyForDeploymentPostprocessing = 0;
		};
		28244BFE1A89A9480080E49E /* Frameworks */ = {
			isa = PBXFrameworksBuildPhase;
			buildActionMask = 2147483647;
			files = (
			);
			runOnlyForDeploymentPostprocessing = 0;
		};
/* End PBXFrameworksBuildPhase section */

/* Begin PBXGroup section */
		28244BE31A89A9480080E49E = {
			isa = PBXGroup;
			children = (
				28244BEE1A89A9480080E49E /* mytestproject */,
				28244C041A89A9480080E49E /* mytestprojectTests */,
				28244BED1A89A9480080E49E /* Products */,
			);
			sourceTree = "<group>";
		};
		28244BED1A89A9480080E49E /* Products */ = {
			isa = PBXGroup;
			children = (
				28244BEC1A89A9480080E49E /* mytestproject.app */,
				28244C011A89A9480080E49E /* mytestprojectTests.xctest */,
			);
			name = Products;
			sourceTree = "<group>";
		};
		28244BEE1A89A9480080E49E /* mytestproject */ = {
			isa = PBXGroup;
			children = (
				28244BF11A89A9480080E49E /* AppDelegate.swift */,
				28244BF31A89A9480080E49E /* ViewController.swift */,
				28244BF51A89A9480080E49E /* Main.storyboard */,
				28244BF81A89A9480080E49E /* Images.xcassets */,
				28244BFA1A89A9480080E49E /* LaunchScreen.xib */,
				28244BEF1A89A9480080E49E /* Supporting Files */,
			);
			path = mytestproject;
			sourceTree = "<group>";
		};
		28244BEF1A89A9480080E49E /* Supporting Files */ = {
			isa = PBXGroup;
			children = (
				28244BF01A89A9480080E49E /* Info.plist */,
			);
			name = "Supporting Files";
			sourceTree = "<group>";
		};
		28244C041A89A9480080E49E /* mytestprojectTests */ = {
			isa = PBXGroup;
			children = (
				28244C071A89A9480080E49E /* mytestprojectTests.swift */,
				28244C051A89A9480080E49E /* Supporting Files */,
			);
			path = mytestprojectTests;
			sourceTree = "<group>";
		};
		28244C051A89A9480080E49E /* Supporting Files */ = {
			isa = PBXGroup;
			children = (
				28244C061A89A9480080E49E /* Info.plist */,
			);
			name = "Supporting Files";
			sourceTree = "<group>";
		};
/* End PBXGroup section */

/* Begin PBXNativeTarget section */
		28244BEB1A89A9480080E49E /* mytestproject */ = {
			isa = PBXNativeTarget;
			buildConfigurationList = 28244C0B1A89A9480080E49E /* Build configuration list for PBXNativeTarget "mytestproject" */;
			buildPhases = (
				28244BE81A89A9480080E49E /* Sources */,
				28244BE91A89A9480080E49E /* Frameworks */,
				28244BEA1A89A9480080E49E /* Resources */,
			);
			buildRules = (
			);
			dependencies = (
			);
			name = mytestproject;
			productName = mytestproject;
			productReference = 28244BEC1A89A9480080E49E /* mytestproject.app */;
			productType = "com.apple.product-type.application";
		};
		28244C001A89A9480080E49E /* mytestprojectTests */ = {
			isa = PBXNativeTarget;
			buildConfigurationList = 28244C0E1A89A9480080E49E /* Build configuration list for PBXNativeTarget "mytestprojectTests" */;
			buildPhases = (
				28244BFD1A89A9480080E49E /* Sources */,
				28244BFE1A89A9480080E49E /* Frameworks */,
				28244BFF1A89A9480080E49E /* Resources */,
			);
			buildRules = (
			);
			dependencies = (
				28244C031A89A9480080E49E /* PBXTargetDependency */,
			);
			name = mytestprojectTests;
			productName = mytestprojectTests;
			productReference = 28244C011A89A9480080E49E /* mytestprojectTests.xctest */;
			productType = "com.apple.product-type.bundle.unit-test";
		};
/* End PBXNativeTarget section */

/* Begin PBXProject section */
		28244BE41A89A9480080E49E /* Project object */ = {
			isa = PBXProject;
			attributes = {
				LastUpgradeCheck = 0610;
				ORGANIZATIONNAME = "Johanna Ostrich";
				TargetAttributes = {
					28244BEB1A89A9480080E49E = {
						CreatedOnToolsVersion = 6.1.1;
					};
					28244C001A89A9480080E49E = {
						CreatedOnToolsVersion = 6.1.1;
						TestTargetID = 28244BEB1A89A9480080E49E;
					};
				};
			};
			buildConfigurationList = 28244BE71A89A9480080E49E /* Build configuration list for PBXProject "mytestproject" */;
			compatibilityVersion = "Xcode 3.2";
			developmentRegion = English;
			hasScannedForEncodings = 0;
			knownRegions = (
				en,
				Base,
			);
			mainGroup = 28244BE31A89A9480080E49E;
			productRefGroup = 28244BED1A89A9480080E49E /* Products */;
			projectDirPath = "";
			projectRoot = "";
			targets = (
				28244BEB1A89A9480080E49E /* mytestproject */,
				28244C001A89A9480080E49E /* mytestprojectTests */,
			);
		};
/* End PBXProject section */

/* Begin PBXResourcesBuildPhase section */
		28244BEA1A89A9480080E49E /* Resources */ = {
			isa = PBXResourcesBuildPhase;
			buildActionMask = 2147483647;
			files = (
				28244BF71A89A9480080E49E /* Main.storyboard in Resources */,
				28244BFC1A89A9480080E49E /* LaunchScreen.xib in Resources */,
				28244BF91A89A9480080E49E /* Images.xcassets in Resources */,
			);
			runOnlyForDeploymentPostprocessing = 0;
		};
		28244BFF1A89A9480080E49E /* Resources */ = {
			isa = PBXResourcesBuildPhase;
			buildActionMask = 2147483647;
			files = (
			);
			runOnlyForDeploymentPostprocessing = 0;
		};
/* End PBXResourcesBuildPhase section */

/* Begin PBXSourcesBuildPhase section */
		28244BE81A89A9480080E49E /* Sources */ = {
			isa = PBXSourcesBuildPhase;
			buildActionMask = 2147483647;
			files = (
				28244BF41A89A9480080E49E /* ViewController.swift in Sources */,
				28244BF21A89A9480080E49E /* AppDelegate.swift in Sources */,
			);
			runOnlyForDeploymentPostprocessing = 0;
		};
		28244BFD1A89A9480080E49E /* Sources */ = {
			isa = PBXSourcesBuildPhase;
			buildActionMask = 2147483647;
			files = (
				28244C081A89A9480080E49E /* mytestprojectTests.swift in Sources */,
			);
			runOnlyForDeploymentPostprocessing = 0;
		};
/* End PBXSourcesBuildPhase section */

/* Begin PBXTargetDependency section */
		28244C031A89A9480080E49E /* PBXTargetDependency */ = {
			isa = PBXTargetDependency;
			target = 28244BEB1A89A9480080E49E /* mytestproject */;
			targetProxy = 28244C021A89A9480080E49E /* PBXContainerItemProxy */;
		};
/* End PBXTargetDependency section */

/* Begin PBXVariantGroup section */
		28244BF51A89A9480080E49E /* Main.storyboard */ = {
			isa = PBXVariantGroup;
			children = (
				28244BF61A89A9480080E49E /* Base */,
			);
			name = Main.storyboard;
			sourceTree = "<group>";
		};
		28244BFA1A89A9480080E49E /* LaunchScreen.xib */ = {
			isa = PBXVariantGroup;
			children = (
				28244BFB1A89A9480080E49E /* Base */,
			);
			name = LaunchScreen.xib;
			sourceTree = "<group>";
		};
/* End PBXVariantGroup section */

/* Begin XCBuildConfiguration section */
		28244C091A89A9480080E49E /* Debug */ = {
			isa = XCBuildConfiguration;
			buildSettings = {
				ALWAYS_SEARCH_USER_PATHS = NO;
				CLANG_CXX_LANGUAGE_STANDARD = "gnu++0x";
				CLANG_CXX_LIBRARY = "libc++";
				CLANG_ENABLE_MODULES = YES;
				CLANG_ENABLE_OBJC_ARC = YES;
				CLANG_WARN_BOOL_CONVERSION = YES;
				CLANG_WARN_CONSTANT_CONVERSION = YES;
				CLANG_WARN_DIRECT_OBJC_ISA_USAGE = YES_ERROR;
				CLANG_WARN_EMPTY_BODY = YES;
				CLANG_WARN_ENUM_CONVERSION = YES;
				CLANG_WARN_INT_CONVERSION = YES;
				CLANG_WARN_OBJC_ROOT_CLASS = YES_ERROR;
				CLANG_WARN_UNREACHABLE_CODE = YES;
				CLANG_WARN__DUPLICATE_METHOD_MATCH = YES;
				"CODE_SIGN_IDENTITY[sdk=iphoneos*]" = "iPhone Developer";
				COPY_PHASE_STRIP = NO;
				ENABLE_STRICT_OBJC_MSGSEND = YES;
				GCC_C_LANGUAGE_STANDARD = gnu99;
				GCC_DYNAMIC_NO_PIC = NO;
				GCC_OPTIMIZATION_LEVEL = 0;
				GCC_PREPROCESSOR_DEFINITIONS = (
					"DEBUG=1",
					"$(inherited)",
				);
				GCC_SYMBOLS_PRIVATE_EXTERN = NO;
				GCC_WARN_64_TO_32_BIT_CONVERSION = YES;
				GCC_WARN_ABOUT_RETURN_TYPE = YES_ERROR;
				GCC_WARN_UNDECLARED_SELECTOR = YES;
				GCC_WARN_UNINITIALIZED_AUTOS = YES_AGGRESSIVE;
				GCC_WARN_UNUSED_FUNCTION = YES;
				GCC_WARN_UNUSED_VARIABLE = YES;
				IPHONEOS_DEPLOYMENT_TARGET = 8.1;
				MTL_ENABLE_DEBUG_INFO = YES;
				ONLY_ACTIVE_ARCH = YES;
				SDKROOT = iphoneos;
				SWIFT_OPTIMIZATION_LEVEL = "-Onone";
				TARGETED_DEVICE_FAMILY = "1,2";
			};
			name = Debug;
		};
		28244C0A1A89A9480080E49E /* Release */ = {
			isa = XCBuildConfiguration;
			buildSettings = {
				ALWAYS_SEARCH_USER_PATHS = NO;
				CLANG_CXX_LANGUAGE_STANDARD = "gnu++0x";
				CLANG_CXX_LIBRARY = "libc++";
				CLANG_ENABLE_MODULES = YES;
				CLANG_ENABLE_OBJC_ARC = YES;
				CLANG_WARN_BOOL_CONVERSION = YES;
				CLANG_WARN_CONSTANT_CONVERSION = YES;
				CLANG_WARN_DIRECT_OBJC_ISA_USAGE = YES_ERROR;
				CLANG_WARN_EMPTY_BODY = YES;
				CLANG_WARN_ENUM_CONVERSION = YES;
				CLANG_WARN_INT_CONVERSION = YES;
				CLANG_WARN_OBJC_ROOT_CLASS = YES_ERROR;
				CLANG_WARN_UNREACHABLE_CODE = YES;
				CLANG_WARN__DUPLICATE_METHOD_MATCH = YES;
				"CODE_SIGN_IDENTITY[sdk=iphoneos*]" = "iPhone Developer";
				COPY_PHASE_STRIP = YES;
				ENABLE_NS_ASSERTIONS = NO;
				ENABLE_STRICT_OBJC_MSGSEND = YES;
				GCC_C_LANGUAGE_STANDARD = gnu99;
				GCC_WARN_64_TO_32_BIT_CONVERSION = YES;
				GCC_WARN_ABOUT_RETURN_TYPE = YES_ERROR;
				GCC_WARN_UNDECLARED_SELECTOR = YES;
				GCC_WARN_UNINITIALIZED_AUTOS = YES_AGGRESSIVE;
				GCC_WARN_UNUSED_FUNCTION = YES;
				GCC_WARN_UNUSED_VARIABLE = YES;
				IPHONEOS_DEPLOYMENT_TARGET = 8.1;
				MTL_ENABLE_DEBUG_INFO = NO;
				SDKROOT = iphoneos;
				TARGETED_DEVICE_FAMILY = "1,2";
				VALIDATE_PRODUCT = YES;
			};
			name = Release;
		};
		28244C0C1A89A9480080E49E /* Debug */ = {
			isa = XCBuildConfiguration;
			buildSettings = {
				ASSETCATALOG_COMPILER_APPICON_NAME = AppIcon;
				INFOPLIST_FILE = mytestproject/Info.plist;
				LD_RUNPATH_SEARCH_PATHS = "$(inherited) @executable_path/Frameworks";
				PRODUCT_NAME = "$(TARGET_NAME)";
			};
			name = Debug;
		};
		28244C0D1A89A9480080E49E /* Release */ = {
			isa = XCBuildConfiguration;
			buildSettings = {
				ASSETCATALOG_COMPILER_APPICON_NAME = AppIcon;
				INFOPLIST_FILE = mytestproject/Info.plist;
				LD_RUNPATH_SEARCH_PATHS = "$(inherited) @executable_path/Frameworks";
				PRODUCT_NAME = "$(TARGET_NAME)";
			};
			name = Release;
		};
		28244C0F1A89A9480080E49E /* Debug */ = {
			isa = XCBuildConfiguration;
			buildSettings = {
				BUNDLE_LOADER = "$(TEST_HOST)";
				FRAMEWORK_SEARCH_PATHS = (
					"$(SDKROOT)/Developer/Library/Frameworks",
					"$(inherited)",
				);
				GCC_PREPROCESSOR_DEFINITIONS = (
					"DEBUG=1",
					"$(inherited)",
				);
				INFOPLIST_FILE = mytestprojectTests/Info.plist;
				LD_RUNPATH_SEARCH_PATHS = "$(inherited) @executable_path/Frameworks @loader_path/Frameworks";
				PRODUCT_NAME = "$(TARGET_NAME)";
				TEST_HOST = "$(BUILT_PRODUCTS_DIR)/mytestproject.app/mytestproject";
			};
			name = Debug;
		};
		28244C101A89A9480080E49E /* Release */ = {
			isa = XCBuildConfiguration;
			buildSettings = {
				BUNDLE_LOADER = "$(TEST_HOST)";
				FRAMEWORK_SEARCH_PATHS = (
					"$(SDKROOT)/Developer/Library/Frameworks",
					"$(inherited)",
				);
				INFOPLIST_FILE = mytestprojectTests/Info.plist;
				LD_RUNPATH_SEARCH_PATHS = "$(inherited) @executable_path/Frameworks @loader_path/Frameworks";
				PRODUCT_NAME = "$(TARGET_NAME)";
				TEST_HOST = "$(BUILT_PRODUCTS_DIR)/mytestproject.app/mytestproject";
			};
			name = Release;
		};
/* End XCBuildConfiguration section */

/* Begin XCConfigurationList section */
		28244BE71A89A9480080E49E /* Build configuration list for PBXProject "mytestproject" */ = {
			isa = XCConfigurationList;
			buildConfigurations = (
				28244C091A89A9480080E49E /* Debug */,
				28244C0A1A89A9480080E49E /* Release */,
			);
			defaultConfigurationIsVisible = 0;
			defaultConfigurationName = Release;
		};
		28244C0B1A89A9480080E49E /* Build configuration list for PBXNativeTarget "mytestproject" */ = {
			isa = XCConfigurationList;
			buildConfigurations = (
				28244C0C1A89A9480080E49E /* Debug */,
				28244C0D1A89A9480080E49E /* Release */,
			);
			defaultConfigurationIsVisible = 0;
		};
		28244C0E1A89A9480080E49E /* Build configuration list for PBXNativeTarget "mytestprojectTests" */ = {
			isa = XCConfigurationList;
			buildConfigurations = (
				28244C0F1A89A9480080E49E /* Debug */,
				28244C101A89A9480080E49E /* Release */,
			);
			defaultConfigurationIsVisible = 0;
		};
/* End XCConfigurationList section */
	};
	rootObject = 28244BE41A89A9480080E49E /* Project object */;
}
