// !$*UTF8*$!
{
	archiveVersion = 1;
	classes = {
	};
	objectVersion = 46;
	objects = {

/* Begin PBXBuildFile section */
		286489AC1A9E9942006992AB /* AppDelegate.swift in Sources */ = {isa = PBXBuildFile; fileRef = 286489AB1A9E9942006992AB /* AppDelegate.swift */; };
		286489AE1A9E9942006992AB /* ViewController.swift in Sources */ = {isa = PBXBuildFile; fileRef = 286489AD1A9E9942006992AB /* ViewController.swift */; };
		286489B11A9E9942006992AB /* Main.storyboard in Resources */ = {isa = PBXBuildFile; fileRef = 286489AF1A9E9942006992AB /* Main.storyboard */; };
		286489B31A9E9942006992AB /* Images.xcassets in Resources */ = {isa = PBXBuildFile; fileRef = 286489B21A9E9942006992AB /* Images.xcassets */; };
		286489B61A9E9942006992AB /* LaunchScreen.xib in Resources */ = {isa = PBXBuildFile; fileRef = 286489B41A9E9942006992AB /* LaunchScreen.xib */; };
		286489C21A9E9942006992AB /* flatFilesTests.swift in Sources */ = {isa = PBXBuildFile; fileRef = 286489C11A9E9942006992AB /* flatFilesTests.swift */; };
/* End PBXBuildFile section */

/* Begin PBXContainerItemProxy section */
		286489BC1A9E9942006992AB /* PBXContainerItemProxy */ = {
			isa = PBXContainerItemProxy;
			containerPortal = 2864899E1A9E9942006992AB /* Project object */;
			proxyType = 1;
			remoteGlobalIDString = 286489A51A9E9942006992AB;
			remoteInfo = flatFiles;
		};
/* End PBXContainerItemProxy section */

/* Begin PBXFileReference section */
		286489A61A9E9942006992AB /* flatFiles.app */ = {isa = PBXFileReference; explicitFileType = wrapper.application; includeInIndex = 0; path = flatFiles.app; sourceTree = BUILT_PRODUCTS_DIR; };
		286489AA1A9E9942006992AB /* Info.plist */ = {isa = PBXFileReference; lastKnownFileType = text.plist.xml; path = Info.plist; sourceTree = "<group>"; };
		286489AB1A9E9942006992AB /* AppDelegate.swift */ = {isa = PBXFileReference; lastKnownFileType = sourcecode.swift; path = AppDelegate.swift; sourceTree = "<group>"; };
		286489AD1A9E9942006992AB /* ViewController.swift */ = {isa = PBXFileReference; lastKnownFileType = sourcecode.swift; path = ViewController.swift; sourceTree = "<group>"; };
		286489B01A9E9942006992AB /* Base */ = {isa = PBXFileReference; lastKnownFileType = file.storyboard; name = Base; path = Base.lproj/Main.storyboard; sourceTree = "<group>"; };
		286489B21A9E9942006992AB /* Images.xcassets */ = {isa = PBXFileReference; lastKnownFileType = folder.assetcatalog; path = Images.xcassets; sourceTree = "<group>"; };
		286489B51A9E9942006992AB /* Base */ = {isa = PBXFileReference; lastKnownFileType = file.xib; name = Base; path = Base.lproj/LaunchScreen.xib; sourceTree = "<group>"; };
		286489BB1A9E9942006992AB /* flatFilesTests.xctest */ = {isa = PBXFileReference; explicitFileType = wrapper.cfbundle; includeInIndex = 0; path = flatFilesTests.xctest; sourceTree = BUILT_PRODUCTS_DIR; };
		286489C01A9E9942006992AB /* Info.plist */ = {isa = PBXFileReference; lastKnownFileType = text.plist.xml; path = Info.plist; sourceTree = "<group>"; };
		286489C11A9E9942006992AB /* flatFilesTests.swift */ = {isa = PBXFileReference; lastKnownFileType = sourcecode.swift; path = flatFilesTests.swift; sourceTree = "<group>"; };
/* End PBXFileReference section */

/* Begin PBXFrameworksBuildPhase section */
		286489A31A9E9942006992AB /* Frameworks */ = {
			isa = PBXFrameworksBuildPhase;
			buildActionMask = 2147483647;
			files = (
			);
			runOnlyForDeploymentPostprocessing = 0;
		};
		286489B81A9E9942006992AB /* Frameworks */ = {
			isa = PBXFrameworksBuildPhase;
			buildActionMask = 2147483647;
			files = (
			);
			runOnlyForDeploymentPostprocessing = 0;
		};
/* End PBXFrameworksBuildPhase section */

/* Begin PBXGroup section */
		2864899D1A9E9942006992AB = {
			isa = PBXGroup;
			children = (
				286489A81A9E9942006992AB /* flatFiles */,
				286489BE1A9E9942006992AB /* flatFilesTests */,
				286489A71A9E9942006992AB /* Products */,
			);
			sourceTree = "<group>";
		};
		286489A71A9E9942006992AB /* Products */ = {
			isa = PBXGroup;
			children = (
				286489A61A9E9942006992AB /* flatFiles.app */,
				286489BB1A9E9942006992AB /* flatFilesTests.xctest */,
			);
			name = Products;
			sourceTree = "<group>";
		};
		286489A81A9E9942006992AB /* flatFiles */ = {
			isa = PBXGroup;
			children = (
				286489AB1A9E9942006992AB /* AppDelegate.swift */,
				286489AD1A9E9942006992AB /* ViewController.swift */,
				286489AF1A9E9942006992AB /* Main.storyboard */,
				286489B21A9E9942006992AB /* Images.xcassets */,
				286489B41A9E9942006992AB /* LaunchScreen.xib */,
				286489A91A9E9942006992AB /* Supporting Files */,
			);
			path = flatFiles;
			sourceTree = "<group>";
		};
		286489A91A9E9942006992AB /* Supporting Files */ = {
			isa = PBXGroup;
			children = (
				286489AA1A9E9942006992AB /* Info.plist */,
			);
			name = "Supporting Files";
			sourceTree = "<group>";
		};
		286489BE1A9E9942006992AB /* flatFilesTests */ = {
			isa = PBXGroup;
			children = (
				286489C11A9E9942006992AB /* flatFilesTests.swift */,
				286489BF1A9E9942006992AB /* Supporting Files */,
			);
			path = flatFilesTests;
			sourceTree = "<group>";
		};
		286489BF1A9E9942006992AB /* Supporting Files */ = {
			isa = PBXGroup;
			children = (
				286489C01A9E9942006992AB /* Info.plist */,
			);
			name = "Supporting Files";
			sourceTree = "<group>";
		};
/* End PBXGroup section */

/* Begin PBXNativeTarget section */
		286489A51A9E9942006992AB /* flatFiles */ = {
			isa = PBXNativeTarget;
			buildConfigurationList = 286489C51A9E9942006992AB /* Build configuration list for PBXNativeTarget "flatFiles" */;
			buildPhases = (
				286489A21A9E9942006992AB /* Sources */,
				286489A31A9E9942006992AB /* Frameworks */,
				286489A41A9E9942006992AB /* Resources */,
			);
			buildRules = (
			);
			dependencies = (
			);
			name = flatFiles;
			productName = flatFiles;
			productReference = 286489A61A9E9942006992AB /* flatFiles.app */;
			productType = "com.apple.product-type.application";
		};
		286489BA1A9E9942006992AB /* flatFilesTests */ = {
			isa = PBXNativeTarget;
			buildConfigurationList = 286489C81A9E9942006992AB /* Build configuration list for PBXNativeTarget "flatFilesTests" */;
			buildPhases = (
				286489B71A9E9942006992AB /* Sources */,
				286489B81A9E9942006992AB /* Frameworks */,
				286489B91A9E9942006992AB /* Resources */,
			);
			buildRules = (
			);
			dependencies = (
				286489BD1A9E9942006992AB /* PBXTargetDependency */,
			);
			name = flatFilesTests;
			productName = flatFilesTests;
			productReference = 286489BB1A9E9942006992AB /* flatFilesTests.xctest */;
			productType = "com.apple.product-type.bundle.unit-test";
		};
/* End PBXNativeTarget section */

/* Begin PBXProject section */
		2864899E1A9E9942006992AB /* Project object */ = {
			isa = PBXProject;
			attributes = {
				LastUpgradeCheck = 0610;
				ORGANIZATIONNAME = "Johanna Ostrich";
				TargetAttributes = {
					286489A51A9E9942006992AB = {
						CreatedOnToolsVersion = 6.1.1;
					};
					286489BA1A9E9942006992AB = {
						CreatedOnToolsVersion = 6.1.1;
						TestTargetID = 286489A51A9E9942006992AB;
					};
				};
			};
			buildConfigurationList = 286489A11A9E9942006992AB /* Build configuration list for PBXProject "flatFiles" */;
			compatibilityVersion = "Xcode 3.2";
			developmentRegion = English;
			hasScannedForEncodings = 0;
			knownRegions = (
				en,
				Base,
			);
			mainGroup = 2864899D1A9E9942006992AB;
			productRefGroup = 286489A71A9E9942006992AB /* Products */;
			projectDirPath = "";
			projectRoot = "";
			targets = (
				286489A51A9E9942006992AB /* flatFiles */,
				286489BA1A9E9942006992AB /* flatFilesTests */,
			);
		};
/* End PBXProject section */

/* Begin PBXResourcesBuildPhase section */
		286489A41A9E9942006992AB /* Resources */ = {
			isa = PBXResourcesBuildPhase;
			buildActionMask = 2147483647;
			files = (
				286489B11A9E9942006992AB /* Main.storyboard in Resources */,
				286489B61A9E9942006992AB /* LaunchScreen.xib in Resources */,
				286489B31A9E9942006992AB /* Images.xcassets in Resources */,
			);
			runOnlyForDeploymentPostprocessing = 0;
		};
		286489B91A9E9942006992AB /* Resources */ = {
			isa = PBXResourcesBuildPhase;
			buildActionMask = 2147483647;
			files = (
			);
			runOnlyForDeploymentPostprocessing = 0;
		};
/* End PBXResourcesBuildPhase section */

/* Begin PBXSourcesBuildPhase section */
		286489A21A9E9942006992AB /* Sources */ = {
			isa = PBXSourcesBuildPhase;
			buildActionMask = 2147483647;
			files = (
				286489AE1A9E9942006992AB /* ViewController.swift in Sources */,
				286489AC1A9E9942006992AB /* AppDelegate.swift in Sources */,
			);
			runOnlyForDeploymentPostprocessing = 0;
		};
		286489B71A9E9942006992AB /* Sources */ = {
			isa = PBXSourcesBuildPhase;
			buildActionMask = 2147483647;
			files = (
				286489C21A9E9942006992AB /* flatFilesTests.swift in Sources */,
			);
			runOnlyForDeploymentPostprocessing = 0;
		};
/* End PBXSourcesBuildPhase section */

/* Begin PBXTargetDependency section */
		286489BD1A9E9942006992AB /* PBXTargetDependency */ = {
			isa = PBXTargetDependency;
			target = 286489A51A9E9942006992AB /* flatFiles */;
			targetProxy = 286489BC1A9E9942006992AB /* PBXContainerItemProxy */;
		};
/* End PBXTargetDependency section */

/* Begin PBXVariantGroup section */
		286489AF1A9E9942006992AB /* Main.storyboard */ = {
			isa = PBXVariantGroup;
			children = (
				286489B01A9E9942006992AB /* Base */,
			);
			name = Main.storyboard;
			sourceTree = "<group>";
		};
		286489B41A9E9942006992AB /* LaunchScreen.xib */ = {
			isa = PBXVariantGroup;
			children = (
				286489B51A9E9942006992AB /* Base */,
			);
			name = LaunchScreen.xib;
			sourceTree = "<group>";
		};
/* End PBXVariantGroup section */

/* Begin XCBuildConfiguration section */
		286489C31A9E9942006992AB /* Debug */ = {
			isa = XCBuildConfiguration;
			buildSettings = {
				ALWAYS_SEARCH_USER_PATHS = NO;
				CLANG_CXX_LANGUAGE_STANDARD = "gnu++0x";
				CLANG_CXX_LIBRARY = "libc++";
				CLANG_ENABLE_MODULES = YES;
				CLANG_ENABLE_OBJC_ARC = YES;
				CLANG_WARN_BOOL_CONVERSION = YES;
				CLANG_WARN_CONSTANT_CONVERSION = YES;
				CLANG_WARN_DIRECT_OBJC_ISA_USAGE = YES_ERROR;
				CLANG_WARN_EMPTY_BODY = YES;
				CLANG_WARN_ENUM_CONVERSION = YES;
				CLANG_WARN_INT_CONVERSION = YES;
				CLANG_WARN_OBJC_ROOT_CLASS = YES_ERROR;
				CLANG_WARN_UNREACHABLE_CODE = YES;
				CLANG_WARN__DUPLICATE_METHOD_MATCH = YES;
				"CODE_SIGN_IDENTITY[sdk=iphoneos*]" = "iPhone Developer";
				COPY_PHASE_STRIP = NO;
				ENABLE_STRICT_OBJC_MSGSEND = YES;
				GCC_C_LANGUAGE_STANDARD = gnu99;
				GCC_DYNAMIC_NO_PIC = NO;
				GCC_OPTIMIZATION_LEVEL = 0;
				GCC_PREPROCESSOR_DEFINITIONS = (
					"DEBUG=1",
					"$(inherited)",
				);
				GCC_SYMBOLS_PRIVATE_EXTERN = NO;
				GCC_WARN_64_TO_32_BIT_CONVERSION = YES;
				GCC_WARN_ABOUT_RETURN_TYPE = YES_ERROR;
				GCC_WARN_UNDECLARED_SELECTOR = YES;
				GCC_WARN_UNINITIALIZED_AUTOS = YES_AGGRESSIVE;
				GCC_WARN_UNUSED_FUNCTION = YES;
				GCC_WARN_UNUSED_VARIABLE = YES;
				IPHONEOS_DEPLOYMENT_TARGET = 8.1;
				MTL_ENABLE_DEBUG_INFO = YES;
				ONLY_ACTIVE_ARCH = YES;
				SDKROOT = iphoneos;
				SWIFT_OPTIMIZATION_LEVEL = "-Onone";
				TARGETED_DEVICE_FAMILY = "1,2";
			};
			name = Debug;
		};
		286489C41A9E9942006992AB /* Release */ = {
			isa = XCBuildConfiguration;
			buildSettings = {
				ALWAYS_SEARCH_USER_PATHS = NO;
				CLANG_CXX_LANGUAGE_STANDARD = "gnu++0x";
				CLANG_CXX_LIBRARY = "libc++";
				CLANG_ENABLE_MODULES = YES;
				CLANG_ENABLE_OBJC_ARC = YES;
				CLANG_WARN_BOOL_CONVERSION = YES;
				CLANG_WARN_CONSTANT_CONVERSION = YES;
				CLANG_WARN_DIRECT_OBJC_ISA_USAGE = YES_ERROR;
				CLANG_WARN_EMPTY_BODY = YES;
				CLANG_WARN_ENUM_CONVERSION = YES;
				CLANG_WARN_INT_CONVERSION = YES;
				CLANG_WARN_OBJC_ROOT_CLASS = YES_ERROR;
				CLANG_WARN_UNREACHABLE_CODE = YES;
				CLANG_WARN__DUPLICATE_METHOD_MATCH = YES;
				"CODE_SIGN_IDENTITY[sdk=iphoneos*]" = "iPhone Developer";
				COPY_PHASE_STRIP = YES;
				ENABLE_NS_ASSERTIONS = NO;
				ENABLE_STRICT_OBJC_MSGSEND = YES;
				GCC_C_LANGUAGE_STANDARD = gnu99;
				GCC_WARN_64_TO_32_BIT_CONVERSION = YES;
				GCC_WARN_ABOUT_RETURN_TYPE = YES_ERROR;
				GCC_WARN_UNDECLARED_SELECTOR = YES;
				GCC_WARN_UNINITIALIZED_AUTOS = YES_AGGRESSIVE;
				GCC_WARN_UNUSED_FUNCTION = YES;
				GCC_WARN_UNUSED_VARIABLE = YES;
				IPHONEOS_DEPLOYMENT_TARGET = 8.1;
				MTL_ENABLE_DEBUG_INFO = NO;
				SDKROOT = iphoneos;
				TARGETED_DEVICE_FAMILY = "1,2";
				VALIDATE_PRODUCT = YES;
			};
			name = Release;
		};
		286489C61A9E9942006992AB /* Debug */ = {
			isa = XCBuildConfiguration;
			buildSettings = {
				ASSETCATALOG_COMPILER_APPICON_NAME = AppIcon;
				INFOPLIST_FILE = flatFiles/Info.plist;
				LD_RUNPATH_SEARCH_PATHS = "$(inherited) @executable_path/Frameworks";
				PRODUCT_NAME = "$(TARGET_NAME)";
			};
			name = Debug;
		};
		286489C71A9E9942006992AB /* Release */ = {
			isa = XCBuildConfiguration;
			buildSettings = {
				ASSETCATALOG_COMPILER_APPICON_NAME = AppIcon;
				INFOPLIST_FILE = flatFiles/Info.plist;
				LD_RUNPATH_SEARCH_PATHS = "$(inherited) @executable_path/Frameworks";
				PRODUCT_NAME = "$(TARGET_NAME)";
			};
			name = Release;
		};
		286489C91A9E9942006992AB /* Debug */ = {
			isa = XCBuildConfiguration;
			buildSettings = {
				BUNDLE_LOADER = "$(TEST_HOST)";
				FRAMEWORK_SEARCH_PATHS = (
					"$(SDKROOT)/Developer/Library/Frameworks",
					"$(inherited)",
				);
				GCC_PREPROCESSOR_DEFINITIONS = (
					"DEBUG=1",
					"$(inherited)",
				);
				INFOPLIST_FILE = flatFilesTests/Info.plist;
				LD_RUNPATH_SEARCH_PATHS = "$(inherited) @executable_path/Frameworks @loader_path/Frameworks";
				PRODUCT_NAME = "$(TARGET_NAME)";
				TEST_HOST = "$(BUILT_PRODUCTS_DIR)/flatFiles.app/flatFiles";
			};
			name = Debug;
		};
		286489CA1A9E9942006992AB /* Release */ = {
			isa = XCBuildConfiguration;
			buildSettings = {
				BUNDLE_LOADER = "$(TEST_HOST)";
				FRAMEWORK_SEARCH_PATHS = (
					"$(SDKROOT)/Developer/Library/Frameworks",
					"$(inherited)",
				);
				INFOPLIST_FILE = flatFilesTests/Info.plist;
				LD_RUNPATH_SEARCH_PATHS = "$(inherited) @executable_path/Frameworks @loader_path/Frameworks";
				PRODUCT_NAME = "$(TARGET_NAME)";
				TEST_HOST = "$(BUILT_PRODUCTS_DIR)/flatFiles.app/flatFiles";
			};
			name = Release;
		};
/* End XCBuildConfiguration section */

/* Begin XCConfigurationList section */
		286489A11A9E9942006992AB /* Build configuration list for PBXProject "flatFiles" */ = {
			isa = XCConfigurationList;
			buildConfigurations = (
				286489C31A9E9942006992AB /* Debug */,
				286489C41A9E9942006992AB /* Release */,
			);
			defaultConfigurationIsVisible = 0;
			defaultConfigurationName = Release;
		};
		286489C51A9E9942006992AB /* Build configuration list for PBXNativeTarget "flatFiles" */ = {
			isa = XCConfigurationList;
			buildConfigurations = (
				286489C61A9E9942006992AB /* Debug */,
				286489C71A9E9942006992AB /* Release */,
			);
			defaultConfigurationIsVisible = 0;
		};
		286489C81A9E9942006992AB /* Build configuration list for PBXNativeTarget "flatFilesTests" */ = {
			isa = XCConfigurationList;
			buildConfigurations = (
				286489C91A9E9942006992AB /* Debug */,
				286489CA1A9E9942006992AB /* Release */,
			);
			defaultConfigurationIsVisible = 0;
		};
/* End XCConfigurationList section */
	};
	rootObject = 2864899E1A9E9942006992AB /* Project object */;
}
