// !$*UTF8*$!
{
	archiveVersion = 1;
	classes = {
	};
	objectVersion = 46;
	objects = {

/* Begin PBXBuildFile section */
		286B3B831A804D57003B6FFE /* AppDelegate.swift in Sources */ = {isa = PBXBuildFile; fileRef = 286B3B821A804D57003B6FFE /* AppDelegate.swift */; };
		286B3B851A804D57003B6FFE /* ViewController.swift in Sources */ = {isa = PBXBuildFile; fileRef = 286B3B841A804D57003B6FFE /* ViewController.swift */; };
		286B3B881A804D57003B6FFE /* Main.storyboard in Resources */ = {isa = PBXBuildFile; fileRef = 286B3B861A804D57003B6FFE /* Main.storyboard */; };
		286B3B8A1A804D57003B6FFE /* Images.xcassets in Resources */ = {isa = PBXBuildFile; fileRef = 286B3B891A804D57003B6FFE /* Images.xcassets */; };
		286B3B8D1A804D57003B6FFE /* LaunchScreen.xib in Resources */ = {isa = PBXBuildFile; fileRef = 286B3B8B1A804D57003B6FFE /* LaunchScreen.xib */; };
		286B3B991A804D57003B6FFE /* ios_delegatesTests.swift in Sources */ = {isa = PBXBuildFile; fileRef = 286B3B981A804D57003B6FFE /* ios_delegatesTests.swift */; };
/* End PBXBuildFile section */

/* Begin PBXContainerItemProxy section */
		286B3B931A804D57003B6FFE /* PBXContainerItemProxy */ = {
			isa = PBXContainerItemProxy;
			containerPortal = 286B3B751A804D56003B6FFE /* Project object */;
			proxyType = 1;
			remoteGlobalIDString = 286B3B7C1A804D57003B6FFE;
			remoteInfo = ios_delegates;
		};
/* End PBXContainerItemProxy section */

/* Begin PBXFileReference section */
		286B3B7D1A804D57003B6FFE /* ios_delegates.app */ = {isa = PBXFileReference; explicitFileType = wrapper.application; includeInIndex = 0; path = ios_delegates.app; sourceTree = BUILT_PRODUCTS_DIR; };
		286B3B811A804D57003B6FFE /* Info.plist */ = {isa = PBXFileReference; lastKnownFileType = text.plist.xml; path = Info.plist; sourceTree = "<group>"; };
		286B3B821A804D57003B6FFE /* AppDelegate.swift */ = {isa = PBXFileReference; lastKnownFileType = sourcecode.swift; path = AppDelegate.swift; sourceTree = "<group>"; };
		286B3B841A804D57003B6FFE /* ViewController.swift */ = {isa = PBXFileReference; lastKnownFileType = sourcecode.swift; path = ViewController.swift; sourceTree = "<group>"; };
		286B3B871A804D57003B6FFE /* Base */ = {isa = PBXFileReference; lastKnownFileType = file.storyboard; name = Base; path = Base.lproj/Main.storyboard; sourceTree = "<group>"; };
		286B3B891A804D57003B6FFE /* Images.xcassets */ = {isa = PBXFileReference; lastKnownFileType = folder.assetcatalog; path = Images.xcassets; sourceTree = "<group>"; };
		286B3B8C1A804D57003B6FFE /* Base */ = {isa = PBXFileReference; lastKnownFileType = file.xib; name = Base; path = Base.lproj/LaunchScreen.xib; sourceTree = "<group>"; };
		286B3B921A804D57003B6FFE /* ios_delegatesTests.xctest */ = {isa = PBXFileReference; explicitFileType = wrapper.cfbundle; includeInIndex = 0; path = ios_delegatesTests.xctest; sourceTree = BUILT_PRODUCTS_DIR; };
		286B3B971A804D57003B6FFE /* Info.plist */ = {isa = PBXFileReference; lastKnownFileType = text.plist.xml; path = Info.plist; sourceTree = "<group>"; };
		286B3B981A804D57003B6FFE /* ios_delegatesTests.swift */ = {isa = PBXFileReference; lastKnownFileType = sourcecode.swift; path = ios_delegatesTests.swift; sourceTree = "<group>"; };
/* End PBXFileReference section */

/* Begin PBXFrameworksBuildPhase section */
		286B3B7A1A804D57003B6FFE /* Frameworks */ = {
			isa = PBXFrameworksBuildPhase;
			buildActionMask = 2147483647;
			files = (
			);
			runOnlyForDeploymentPostprocessing = 0;
		};
		286B3B8F1A804D57003B6FFE /* Frameworks */ = {
			isa = PBXFrameworksBuildPhase;
			buildActionMask = 2147483647;
			files = (
			);
			runOnlyForDeploymentPostprocessing = 0;
		};
/* End PBXFrameworksBuildPhase section */

/* Begin PBXGroup section */
		286B3B741A804D56003B6FFE = {
			isa = PBXGroup;
			children = (
				286B3B7F1A804D57003B6FFE /* ios_delegates */,
				286B3B951A804D57003B6FFE /* ios_delegatesTests */,
				286B3B7E1A804D57003B6FFE /* Products */,
			);
			sourceTree = "<group>";
		};
		286B3B7E1A804D57003B6FFE /* Products */ = {
			isa = PBXGroup;
			children = (
				286B3B7D1A804D57003B6FFE /* ios_delegates.app */,
				286B3B921A804D57003B6FFE /* ios_delegatesTests.xctest */,
			);
			name = Products;
			sourceTree = "<group>";
		};
		286B3B7F1A804D57003B6FFE /* ios_delegates */ = {
			isa = PBXGroup;
			children = (
				286B3B821A804D57003B6FFE /* AppDelegate.swift */,
				286B3B841A804D57003B6FFE /* ViewController.swift */,
				286B3B861A804D57003B6FFE /* Main.storyboard */,
				286B3B891A804D57003B6FFE /* Images.xcassets */,
				286B3B8B1A804D57003B6FFE /* LaunchScreen.xib */,
				286B3B801A804D57003B6FFE /* Supporting Files */,
			);
			path = ios_delegates;
			sourceTree = "<group>";
		};
		286B3B801A804D57003B6FFE /* Supporting Files */ = {
			isa = PBXGroup;
			children = (
				286B3B811A804D57003B6FFE /* Info.plist */,
			);
			name = "Supporting Files";
			sourceTree = "<group>";
		};
		286B3B951A804D57003B6FFE /* ios_delegatesTests */ = {
			isa = PBXGroup;
			children = (
				286B3B981A804D57003B6FFE /* ios_delegatesTests.swift */,
				286B3B961A804D57003B6FFE /* Supporting Files */,
			);
			path = ios_delegatesTests;
			sourceTree = "<group>";
		};
		286B3B961A804D57003B6FFE /* Supporting Files */ = {
			isa = PBXGroup;
			children = (
				286B3B971A804D57003B6FFE /* Info.plist */,
			);
			name = "Supporting Files";
			sourceTree = "<group>";
		};
/* End PBXGroup section */

/* Begin PBXNativeTarget section */
		286B3B7C1A804D57003B6FFE /* ios_delegates */ = {
			isa = PBXNativeTarget;
			buildConfigurationList = 286B3B9C1A804D57003B6FFE /* Build configuration list for PBXNativeTarget "ios_delegates" */;
			buildPhases = (
				286B3B791A804D57003B6FFE /* Sources */,
				286B3B7A1A804D57003B6FFE /* Frameworks */,
				286B3B7B1A804D57003B6FFE /* Resources */,
			);
			buildRules = (
			);
			dependencies = (
			);
			name = ios_delegates;
			productName = ios_delegates;
			productReference = 286B3B7D1A804D57003B6FFE /* ios_delegates.app */;
			productType = "com.apple.product-type.application";
		};
		286B3B911A804D57003B6FFE /* ios_delegatesTests */ = {
			isa = PBXNativeTarget;
			buildConfigurationList = 286B3B9F1A804D57003B6FFE /* Build configuration list for PBXNativeTarget "ios_delegatesTests" */;
			buildPhases = (
				286B3B8E1A804D57003B6FFE /* Sources */,
				286B3B8F1A804D57003B6FFE /* Frameworks */,
				286B3B901A804D57003B6FFE /* Resources */,
			);
			buildRules = (
			);
			dependencies = (
				286B3B941A804D57003B6FFE /* PBXTargetDependency */,
			);
			name = ios_delegatesTests;
			productName = ios_delegatesTests;
			productReference = 286B3B921A804D57003B6FFE /* ios_delegatesTests.xctest */;
			productType = "com.apple.product-type.bundle.unit-test";
		};
/* End PBXNativeTarget section */

/* Begin PBXProject section */
		286B3B751A804D56003B6FFE /* Project object */ = {
			isa = PBXProject;
			attributes = {
				LastUpgradeCheck = 0610;
				ORGANIZATIONNAME = "Johanna Ostrich";
				TargetAttributes = {
					286B3B7C1A804D57003B6FFE = {
						CreatedOnToolsVersion = 6.1.1;
					};
					286B3B911A804D57003B6FFE = {
						CreatedOnToolsVersion = 6.1.1;
						TestTargetID = 286B3B7C1A804D57003B6FFE;
					};
				};
			};
			buildConfigurationList = 286B3B781A804D56003B6FFE /* Build configuration list for PBXProject "ios_delegates" */;
			compatibilityVersion = "Xcode 3.2";
			developmentRegion = English;
			hasScannedForEncodings = 0;
			knownRegions = (
				en,
				Base,
			);
			mainGroup = 286B3B741A804D56003B6FFE;
			productRefGroup = 286B3B7E1A804D57003B6FFE /* Products */;
			projectDirPath = "";
			projectRoot = "";
			targets = (
				286B3B7C1A804D57003B6FFE /* ios_delegates */,
				286B3B911A804D57003B6FFE /* ios_delegatesTests */,
			);
		};
/* End PBXProject section */

/* Begin PBXResourcesBuildPhase section */
		286B3B7B1A804D57003B6FFE /* Resources */ = {
			isa = PBXResourcesBuildPhase;
			buildActionMask = 2147483647;
			files = (
				286B3B881A804D57003B6FFE /* Main.storyboard in Resources */,
				286B3B8D1A804D57003B6FFE /* LaunchScreen.xib in Resources */,
				286B3B8A1A804D57003B6FFE /* Images.xcassets in Resources */,
			);
			runOnlyForDeploymentPostprocessing = 0;
		};
		286B3B901A804D57003B6FFE /* Resources */ = {
			isa = PBXResourcesBuildPhase;
			buildActionMask = 2147483647;
			files = (
			);
			runOnlyForDeploymentPostprocessing = 0;
		};
/* End PBXResourcesBuildPhase section */

/* Begin PBXSourcesBuildPhase section */
		286B3B791A804D57003B6FFE /* Sources */ = {
			isa = PBXSourcesBuildPhase;
			buildActionMask = 2147483647;
			files = (
				286B3B851A804D57003B6FFE /* ViewController.swift in Sources */,
				286B3B831A804D57003B6FFE /* AppDelegate.swift in Sources */,
			);
			runOnlyForDeploymentPostprocessing = 0;
		};
		286B3B8E1A804D57003B6FFE /* Sources */ = {
			isa = PBXSourcesBuildPhase;
			buildActionMask = 2147483647;
			files = (
				286B3B991A804D57003B6FFE /* ios_delegatesTests.swift in Sources */,
			);
			runOnlyForDeploymentPostprocessing = 0;
		};
/* End PBXSourcesBuildPhase section */

/* Begin PBXTargetDependency section */
		286B3B941A804D57003B6FFE /* PBXTargetDependency */ = {
			isa = PBXTargetDependency;
			target = 286B3B7C1A804D57003B6FFE /* ios_delegates */;
			targetProxy = 286B3B931A804D57003B6FFE /* PBXContainerItemProxy */;
		};
/* End PBXTargetDependency section */

/* Begin PBXVariantGroup section */
		286B3B861A804D57003B6FFE /* Main.storyboard */ = {
			isa = PBXVariantGroup;
			children = (
				286B3B871A804D57003B6FFE /* Base */,
			);
			name = Main.storyboard;
			sourceTree = "<group>";
		};
		286B3B8B1A804D57003B6FFE /* LaunchScreen.xib */ = {
			isa = PBXVariantGroup;
			children = (
				286B3B8C1A804D57003B6FFE /* Base */,
			);
			name = LaunchScreen.xib;
			sourceTree = "<group>";
		};
/* End PBXVariantGroup section */

/* Begin XCBuildConfiguration section */
		286B3B9A1A804D57003B6FFE /* Debug */ = {
			isa = XCBuildConfiguration;
			buildSettings = {
				ALWAYS_SEARCH_USER_PATHS = NO;
				CLANG_CXX_LANGUAGE_STANDARD = "gnu++0x";
				CLANG_CXX_LIBRARY = "libc++";
				CLANG_ENABLE_MODULES = YES;
				CLANG_ENABLE_OBJC_ARC = YES;
				CLANG_WARN_BOOL_CONVERSION = YES;
				CLANG_WARN_CONSTANT_CONVERSION = YES;
				CLANG_WARN_DIRECT_OBJC_ISA_USAGE = YES_ERROR;
				CLANG_WARN_EMPTY_BODY = YES;
				CLANG_WARN_ENUM_CONVERSION = YES;
				CLANG_WARN_INT_CONVERSION = YES;
				CLANG_WARN_OBJC_ROOT_CLASS = YES_ERROR;
				CLANG_WARN_UNREACHABLE_CODE = YES;
				CLANG_WARN__DUPLICATE_METHOD_MATCH = YES;
				"CODE_SIGN_IDENTITY[sdk=iphoneos*]" = "iPhone Developer";
				COPY_PHASE_STRIP = NO;
				ENABLE_STRICT_OBJC_MSGSEND = YES;
				GCC_C_LANGUAGE_STANDARD = gnu99;
				GCC_DYNAMIC_NO_PIC = NO;
				GCC_OPTIMIZATION_LEVEL = 0;
				GCC_PREPROCESSOR_DEFINITIONS = (
					"DEBUG=1",
					"$(inherited)",
				);
				GCC_SYMBOLS_PRIVATE_EXTERN = NO;
				GCC_WARN_64_TO_32_BIT_CONVERSION = YES;
				GCC_WARN_ABOUT_RETURN_TYPE = YES_ERROR;
				GCC_WARN_UNDECLARED_SELECTOR = YES;
				GCC_WARN_UNINITIALIZED_AUTOS = YES_AGGRESSIVE;
				GCC_WARN_UNUSED_FUNCTION = YES;
				GCC_WARN_UNUSED_VARIABLE = YES;
				IPHONEOS_DEPLOYMENT_TARGET = 8.1;
				MTL_ENABLE_DEBUG_INFO = YES;
				ONLY_ACTIVE_ARCH = YES;
				SDKROOT = iphoneos;
				SWIFT_OPTIMIZATION_LEVEL = "-Onone";
			};
			name = Debug;
		};
		286B3B9B1A804D57003B6FFE /* Release */ = {
			isa = XCBuildConfiguration;
			buildSettings = {
				ALWAYS_SEARCH_USER_PATHS = NO;
				CLANG_CXX_LANGUAGE_STANDARD = "gnu++0x";
				CLANG_CXX_LIBRARY = "libc++";
				CLANG_ENABLE_MODULES = YES;
				CLANG_ENABLE_OBJC_ARC = YES;
				CLANG_WARN_BOOL_CONVERSION = YES;
				CLANG_WARN_CONSTANT_CONVERSION = YES;
				CLANG_WARN_DIRECT_OBJC_ISA_USAGE = YES_ERROR;
				CLANG_WARN_EMPTY_BODY = YES;
				CLANG_WARN_ENUM_CONVERSION = YES;
				CLANG_WARN_INT_CONVERSION = YES;
				CLANG_WARN_OBJC_ROOT_CLASS = YES_ERROR;
				CLANG_WARN_UNREACHABLE_CODE = YES;
				CLANG_WARN__DUPLICATE_METHOD_MATCH = YES;
				"CODE_SIGN_IDENTITY[sdk=iphoneos*]" = "iPhone Developer";
				COPY_PHASE_STRIP = YES;
				ENABLE_NS_ASSERTIONS = NO;
				ENABLE_STRICT_OBJC_MSGSEND = YES;
				GCC_C_LANGUAGE_STANDARD = gnu99;
				GCC_WARN_64_TO_32_BIT_CONVERSION = YES;
				GCC_WARN_ABOUT_RETURN_TYPE = YES_ERROR;
				GCC_WARN_UNDECLARED_SELECTOR = YES;
				GCC_WARN_UNINITIALIZED_AUTOS = YES_AGGRESSIVE;
				GCC_WARN_UNUSED_FUNCTION = YES;
				GCC_WARN_UNUSED_VARIABLE = YES;
				IPHONEOS_DEPLOYMENT_TARGET = 8.1;
				MTL_ENABLE_DEBUG_INFO = NO;
				SDKROOT = iphoneos;
				VALIDATE_PRODUCT = YES;
			};
			name = Release;
		};
		286B3B9D1A804D57003B6FFE /* Debug */ = {
			isa = XCBuildConfiguration;
			buildSettings = {
				ASSETCATALOG_COMPILER_APPICON_NAME = AppIcon;
				INFOPLIST_FILE = ios_delegates/Info.plist;
				LD_RUNPATH_SEARCH_PATHS = "$(inherited) @executable_path/Frameworks";
				PRODUCT_NAME = "$(TARGET_NAME)";
			};
			name = Debug;
		};
		286B3B9E1A804D57003B6FFE /* Release */ = {
			isa = XCBuildConfiguration;
			buildSettings = {
				ASSETCATALOG_COMPILER_APPICON_NAME = AppIcon;
				INFOPLIST_FILE = ios_delegates/Info.plist;
				LD_RUNPATH_SEARCH_PATHS = "$(inherited) @executable_path/Frameworks";
				PRODUCT_NAME = "$(TARGET_NAME)";
			};
			name = Release;
		};
		286B3BA01A804D57003B6FFE /* Debug */ = {
			isa = XCBuildConfiguration;
			buildSettings = {
				BUNDLE_LOADER = "$(TEST_HOST)";
				FRAMEWORK_SEARCH_PATHS = (
					"$(SDKROOT)/Developer/Library/Frameworks",
					"$(inherited)",
				);
				GCC_PREPROCESSOR_DEFINITIONS = (
					"DEBUG=1",
					"$(inherited)",
				);
				INFOPLIST_FILE = ios_delegatesTests/Info.plist;
				LD_RUNPATH_SEARCH_PATHS = "$(inherited) @executable_path/Frameworks @loader_path/Frameworks";
				PRODUCT_NAME = "$(TARGET_NAME)";
				TEST_HOST = "$(BUILT_PRODUCTS_DIR)/ios_delegates.app/ios_delegates";
			};
			name = Debug;
		};
		286B3BA11A804D57003B6FFE /* Release */ = {
			isa = XCBuildConfiguration;
			buildSettings = {
				BUNDLE_LOADER = "$(TEST_HOST)";
				FRAMEWORK_SEARCH_PATHS = (
					"$(SDKROOT)/Developer/Library/Frameworks",
					"$(inherited)",
				);
				INFOPLIST_FILE = ios_delegatesTests/Info.plist;
				LD_RUNPATH_SEARCH_PATHS = "$(inherited) @executable_path/Frameworks @loader_path/Frameworks";
				PRODUCT_NAME = "$(TARGET_NAME)";
				TEST_HOST = "$(BUILT_PRODUCTS_DIR)/ios_delegates.app/ios_delegates";
			};
			name = Release;
		};
/* End XCBuildConfiguration section */

/* Begin XCConfigurationList section */
		286B3B781A804D56003B6FFE /* Build configuration list for PBXProject "ios_delegates" */ = {
			isa = XCConfigurationList;
			buildConfigurations = (
				286B3B9A1A804D57003B6FFE /* Debug */,
				286B3B9B1A804D57003B6FFE /* Release */,
			);
			defaultConfigurationIsVisible = 0;
			defaultConfigurationName = Release;
		};
		286B3B9C1A804D57003B6FFE /* Build configuration list for PBXNativeTarget "ios_delegates" */ = {
			isa = XCConfigurationList;
			buildConfigurations = (
				286B3B9D1A804D57003B6FFE /* Debug */,
				286B3B9E1A804D57003B6FFE /* Release */,
			);
			defaultConfigurationIsVisible = 0;
		};
		286B3B9F1A804D57003B6FFE /* Build configuration list for PBXNativeTarget "ios_delegatesTests" */ = {
			isa = XCConfigurationList;
			buildConfigurations = (
				286B3BA01A804D57003B6FFE /* Debug */,
				286B3BA11A804D57003B6FFE /* Release */,
			);
			defaultConfigurationIsVisible = 0;
		};
/* End XCConfigurationList section */
	};
	rootObject = 286B3B751A804D56003B6FFE /* Project object */;
}
