PODS:
  - NYSegmentedControl (1.0.7)
  - SnapKit (0.15.0)

DEPENDENCIES:
  - NYSegmentedControl (from `https://github.com/nealyoung/NYSegmentedControl.git`)
  - SnapKit (~> 0.15.0)

EXTERNAL SOURCES:
  NYSegmentedControl:
    :git: https://github.com/nealyoung/NYSegmentedControl.git

CHECKOUT OPTIONS:
  NYSegmentedControl:
    :commit: 2ebbef72b859fa9ccfa446293447b0ad425226c9
    :git: https://github.com/nealyoung/NYSegmentedControl.git

SPEC CHECKSUMS:
  NYSegmentedControl: 55b4f9eb652767cae9799623ec3e49e50029ef47
  SnapKit: 4962eed2ee18e48cbd2b2292fffc57efe7235f87

COCOAPODS: 0.39.0
