// !$*UTF8*$!
{
	archiveVersion = 1;
	classes = {
	};
	objectVersion = 46;
	objects = {

/* Begin PBXBuildFile section */
		2831B6511A893C86008C3299 /* AppDelegate.swift in Sources */ = {isa = PBXBuildFile; fileRef = 2831B6501A893C86008C3299 /* AppDelegate.swift */; };
		2831B6531A893C86008C3299 /* ViewController.swift in Sources */ = {isa = PBXBuildFile; fileRef = 2831B6521A893C86008C3299 /* ViewController.swift */; };
		2831B6561A893C86008C3299 /* Main.storyboard in Resources */ = {isa = PBXBuildFile; fileRef = 2831B6541A893C86008C3299 /* Main.storyboard */; };
		2831B6581A893C86008C3299 /* Images.xcassets in Resources */ = {isa = PBXBuildFile; fileRef = 2831B6571A893C86008C3299 /* Images.xcassets */; };
		2831B65B1A893C86008C3299 /* LaunchScreen.xib in Resources */ = {isa = PBXBuildFile; fileRef = 2831B6591A893C86008C3299 /* LaunchScreen.xib */; };
		2831B6671A893C87008C3299 /* hangmanTests.swift in Sources */ = {isa = PBXBuildFile; fileRef = 2831B6661A893C87008C3299 /* hangmanTests.swift */; };
		2831B6711A893F64008C3299 /* KeyboardViewController.swift in Sources */ = {isa = PBXBuildFile; fileRef = 2831B6701A893F64008C3299 /* KeyboardViewController.swift */; };
/* End PBXBuildFile section */

/* Begin PBXContainerItemProxy section */
		2831B6611A893C87008C3299 /* PBXContainerItemProxy */ = {
			isa = PBXContainerItemProxy;
			containerPortal = 2831B6431A893C86008C3299 /* Project object */;
			proxyType = 1;
			remoteGlobalIDString = 2831B64A1A893C86008C3299;
			remoteInfo = hangman;
		};
/* End PBXContainerItemProxy section */

/* Begin PBXFileReference section */
		2831B64B1A893C86008C3299 /* hangman.app */ = {isa = PBXFileReference; explicitFileType = wrapper.application; includeInIndex = 0; path = hangman.app; sourceTree = BUILT_PRODUCTS_DIR; };
		2831B64F1A893C86008C3299 /* Info.plist */ = {isa = PBXFileReference; lastKnownFileType = text.plist.xml; path = Info.plist; sourceTree = "<group>"; };
		2831B6501A893C86008C3299 /* AppDelegate.swift */ = {isa = PBXFileReference; lastKnownFileType = sourcecode.swift; path = AppDelegate.swift; sourceTree = "<group>"; };
		2831B6521A893C86008C3299 /* ViewController.swift */ = {isa = PBXFileReference; lastKnownFileType = sourcecode.swift; path = ViewController.swift; sourceTree = "<group>"; };
		2831B6551A893C86008C3299 /* Base */ = {isa = PBXFileReference; lastKnownFileType = file.storyboard; name = Base; path = Base.lproj/Main.storyboard; sourceTree = "<group>"; };
		2831B6571A893C86008C3299 /* Images.xcassets */ = {isa = PBXFileReference; lastKnownFileType = folder.assetcatalog; path = Images.xcassets; sourceTree = "<group>"; };
		2831B65A1A893C86008C3299 /* Base */ = {isa = PBXFileReference; lastKnownFileType = file.xib; name = Base; path = Base.lproj/LaunchScreen.xib; sourceTree = "<group>"; };
		2831B6601A893C87008C3299 /* hangmanTests.xctest */ = {isa = PBXFileReference; explicitFileType = wrapper.cfbundle; includeInIndex = 0; path = hangmanTests.xctest; sourceTree = BUILT_PRODUCTS_DIR; };
		2831B6651A893C87008C3299 /* Info.plist */ = {isa = PBXFileReference; lastKnownFileType = text.plist.xml; path = Info.plist; sourceTree = "<group>"; };
		2831B6661A893C87008C3299 /* hangmanTests.swift */ = {isa = PBXFileReference; lastKnownFileType = sourcecode.swift; path = hangmanTests.swift; sourceTree = "<group>"; };
		2831B6701A893F64008C3299 /* KeyboardViewController.swift */ = {isa = PBXFileReference; fileEncoding = 4; lastKnownFileType = sourcecode.swift; path = KeyboardViewController.swift; sourceTree = "<group>"; };
/* End PBXFileReference section */

/* Begin PBXFrameworksBuildPhase section */
		2831B6481A893C86008C3299 /* Frameworks */ = {
			isa = PBXFrameworksBuildPhase;
			buildActionMask = 2147483647;
			files = (
			);
			runOnlyForDeploymentPostprocessing = 0;
		};
		2831B65D1A893C87008C3299 /* Frameworks */ = {
			isa = PBXFrameworksBuildPhase;
			buildActionMask = 2147483647;
			files = (
			);
			runOnlyForDeploymentPostprocessing = 0;
		};
/* End PBXFrameworksBuildPhase section */

/* Begin PBXGroup section */
		2831B6421A893C86008C3299 = {
			isa = PBXGroup;
			children = (
				2831B64D1A893C86008C3299 /* hangman */,
				2831B6631A893C87008C3299 /* hangmanTests */,
				2831B64C1A893C86008C3299 /* Products */,
			);
			sourceTree = "<group>";
		};
		2831B64C1A893C86008C3299 /* Products */ = {
			isa = PBXGroup;
			children = (
				2831B64B1A893C86008C3299 /* hangman.app */,
				2831B6601A893C87008C3299 /* hangmanTests.xctest */,
			);
			name = Products;
			sourceTree = "<group>";
		};
		2831B64D1A893C86008C3299 /* hangman */ = {
			isa = PBXGroup;
			children = (
				2831B6501A893C86008C3299 /* AppDelegate.swift */,
				2831B6521A893C86008C3299 /* ViewController.swift */,
				2831B6701A893F64008C3299 /* KeyboardViewController.swift */,
				2831B6541A893C86008C3299 /* Main.storyboard */,
				2831B6571A893C86008C3299 /* Images.xcassets */,
				2831B6591A893C86008C3299 /* LaunchScreen.xib */,
				2831B64E1A893C86008C3299 /* Supporting Files */,
			);
			path = hangman;
			sourceTree = "<group>";
		};
		2831B64E1A893C86008C3299 /* Supporting Files */ = {
			isa = PBXGroup;
			children = (
				2831B64F1A893C86008C3299 /* Info.plist */,
			);
			name = "Supporting Files";
			sourceTree = "<group>";
		};
		2831B6631A893C87008C3299 /* hangmanTests */ = {
			isa = PBXGroup;
			children = (
				2831B6661A893C87008C3299 /* hangmanTests.swift */,
				2831B6641A893C87008C3299 /* Supporting Files */,
			);
			path = hangmanTests;
			sourceTree = "<group>";
		};
		2831B6641A893C87008C3299 /* Supporting Files */ = {
			isa = PBXGroup;
			children = (
				2831B6651A893C87008C3299 /* Info.plist */,
			);
			name = "Supporting Files";
			sourceTree = "<group>";
		};
/* End PBXGroup section */

/* Begin PBXNativeTarget section */
		2831B64A1A893C86008C3299 /* hangman */ = {
			isa = PBXNativeTarget;
			buildConfigurationList = 2831B66A1A893C87008C3299 /* Build configuration list for PBXNativeTarget "hangman" */;
			buildPhases = (
				2831B6471A893C86008C3299 /* Sources */,
				2831B6481A893C86008C3299 /* Frameworks */,
				2831B6491A893C86008C3299 /* Resources */,
			);
			buildRules = (
			);
			dependencies = (
			);
			name = hangman;
			productName = hangman;
			productReference = 2831B64B1A893C86008C3299 /* hangman.app */;
			productType = "com.apple.product-type.application";
		};
		2831B65F1A893C87008C3299 /* hangmanTests */ = {
			isa = PBXNativeTarget;
			buildConfigurationList = 2831B66D1A893C87008C3299 /* Build configuration list for PBXNativeTarget "hangmanTests" */;
			buildPhases = (
				2831B65C1A893C87008C3299 /* Sources */,
				2831B65D1A893C87008C3299 /* Frameworks */,
				2831B65E1A893C87008C3299 /* Resources */,
			);
			buildRules = (
			);
			dependencies = (
				2831B6621A893C87008C3299 /* PBXTargetDependency */,
			);
			name = hangmanTests;
			productName = hangmanTests;
			productReference = 2831B6601A893C87008C3299 /* hangmanTests.xctest */;
			productType = "com.apple.product-type.bundle.unit-test";
		};
/* End PBXNativeTarget section */

/* Begin PBXProject section */
		2831B6431A893C86008C3299 /* Project object */ = {
			isa = PBXProject;
			attributes = {
				LastUpgradeCheck = 0610;
				ORGANIZATIONNAME = "Johanna Ostrich";
				TargetAttributes = {
					2831B64A1A893C86008C3299 = {
						CreatedOnToolsVersion = 6.1.1;
					};
					2831B65F1A893C87008C3299 = {
						CreatedOnToolsVersion = 6.1.1;
						TestTargetID = 2831B64A1A893C86008C3299;
					};
				};
			};
			buildConfigurationList = 2831B6461A893C86008C3299 /* Build configuration list for PBXProject "hangman" */;
			compatibilityVersion = "Xcode 3.2";
			developmentRegion = English;
			hasScannedForEncodings = 0;
			knownRegions = (
				en,
				Base,
			);
			mainGroup = 2831B6421A893C86008C3299;
			productRefGroup = 2831B64C1A893C86008C3299 /* Products */;
			projectDirPath = "";
			projectRoot = "";
			targets = (
				2831B64A1A893C86008C3299 /* hangman */,
				2831B65F1A893C87008C3299 /* hangmanTests */,
			);
		};
/* End PBXProject section */

/* Begin PBXResourcesBuildPhase section */
		2831B6491A893C86008C3299 /* Resources */ = {
			isa = PBXResourcesBuildPhase;
			buildActionMask = 2147483647;
			files = (
				2831B6561A893C86008C3299 /* Main.storyboard in Resources */,
				2831B65B1A893C86008C3299 /* LaunchScreen.xib in Resources */,
				2831B6581A893C86008C3299 /* Images.xcassets in Resources */,
			);
			runOnlyForDeploymentPostprocessing = 0;
		};
		2831B65E1A893C87008C3299 /* Resources */ = {
			isa = PBXResourcesBuildPhase;
			buildActionMask = 2147483647;
			files = (
			);
			runOnlyForDeploymentPostprocessing = 0;
		};
/* End PBXResourcesBuildPhase section */

/* Begin PBXSourcesBuildPhase section */
		2831B6471A893C86008C3299 /* Sources */ = {
			isa = PBXSourcesBuildPhase;
			buildActionMask = 2147483647;
			files = (
				2831B6531A893C86008C3299 /* ViewController.swift in Sources */,
				2831B6711A893F64008C3299 /* KeyboardViewController.swift in Sources */,
				2831B6511A893C86008C3299 /* AppDelegate.swift in Sources */,
			);
			runOnlyForDeploymentPostprocessing = 0;
		};
		2831B65C1A893C87008C3299 /* Sources */ = {
			isa = PBXSourcesBuildPhase;
			buildActionMask = 2147483647;
			files = (
				2831B6671A893C87008C3299 /* hangmanTests.swift in Sources */,
			);
			runOnlyForDeploymentPostprocessing = 0;
		};
/* End PBXSourcesBuildPhase section */

/* Begin PBXTargetDependency section */
		2831B6621A893C87008C3299 /* PBXTargetDependency */ = {
			isa = PBXTargetDependency;
			target = 2831B64A1A893C86008C3299 /* hangman */;
			targetProxy = 2831B6611A893C87008C3299 /* PBXContainerItemProxy */;
		};
/* End PBXTargetDependency section */

/* Begin PBXVariantGroup section */
		2831B6541A893C86008C3299 /* Main.storyboard */ = {
			isa = PBXVariantGroup;
			children = (
				2831B6551A893C86008C3299 /* Base */,
			);
			name = Main.storyboard;
			sourceTree = "<group>";
		};
		2831B6591A893C86008C3299 /* LaunchScreen.xib */ = {
			isa = PBXVariantGroup;
			children = (
				2831B65A1A893C86008C3299 /* Base */,
			);
			name = LaunchScreen.xib;
			sourceTree = "<group>";
		};
/* End PBXVariantGroup section */

/* Begin XCBuildConfiguration section */
		2831B6681A893C87008C3299 /* Debug */ = {
			isa = XCBuildConfiguration;
			buildSettings = {
				ALWAYS_SEARCH_USER_PATHS = NO;
				CLANG_CXX_LANGUAGE_STANDARD = "gnu++0x";
				CLANG_CXX_LIBRARY = "libc++";
				CLANG_ENABLE_MODULES = YES;
				CLANG_ENABLE_OBJC_ARC = YES;
				CLANG_WARN_BOOL_CONVERSION = YES;
				CLANG_WARN_CONSTANT_CONVERSION = YES;
				CLANG_WARN_DIRECT_OBJC_ISA_USAGE = YES_ERROR;
				CLANG_WARN_EMPTY_BODY = YES;
				CLANG_WARN_ENUM_CONVERSION = YES;
				CLANG_WARN_INT_CONVERSION = YES;
				CLANG_WARN_OBJC_ROOT_CLASS = YES_ERROR;
				CLANG_WARN_UNREACHABLE_CODE = YES;
				CLANG_WARN__DUPLICATE_METHOD_MATCH = YES;
				"CODE_SIGN_IDENTITY[sdk=iphoneos*]" = "iPhone Developer";
				COPY_PHASE_STRIP = NO;
				ENABLE_STRICT_OBJC_MSGSEND = YES;
				GCC_C_LANGUAGE_STANDARD = gnu99;
				GCC_DYNAMIC_NO_PIC = NO;
				GCC_OPTIMIZATION_LEVEL = 0;
				GCC_PREPROCESSOR_DEFINITIONS = (
					"DEBUG=1",
					"$(inherited)",
				);
				GCC_SYMBOLS_PRIVATE_EXTERN = NO;
				GCC_WARN_64_TO_32_BIT_CONVERSION = YES;
				GCC_WARN_ABOUT_RETURN_TYPE = YES_ERROR;
				GCC_WARN_UNDECLARED_SELECTOR = YES;
				GCC_WARN_UNINITIALIZED_AUTOS = YES_AGGRESSIVE;
				GCC_WARN_UNUSED_FUNCTION = YES;
				GCC_WARN_UNUSED_VARIABLE = YES;
				IPHONEOS_DEPLOYMENT_TARGET = 8.1;
				MTL_ENABLE_DEBUG_INFO = YES;
				ONLY_ACTIVE_ARCH = YES;
				SDKROOT = iphoneos;
				SWIFT_OPTIMIZATION_LEVEL = "-Onone";
			};
			name = Debug;
		};
		2831B6691A893C87008C3299 /* Release */ = {
			isa = XCBuildConfiguration;
			buildSettings = {
				ALWAYS_SEARCH_USER_PATHS = NO;
				CLANG_CXX_LANGUAGE_STANDARD = "gnu++0x";
				CLANG_CXX_LIBRARY = "libc++";
				CLANG_ENABLE_MODULES = YES;
				CLANG_ENABLE_OBJC_ARC = YES;
				CLANG_WARN_BOOL_CONVERSION = YES;
				CLANG_WARN_CONSTANT_CONVERSION = YES;
				CLANG_WARN_DIRECT_OBJC_ISA_USAGE = YES_ERROR;
				CLANG_WARN_EMPTY_BODY = YES;
				CLANG_WARN_ENUM_CONVERSION = YES;
				CLANG_WARN_INT_CONVERSION = YES;
				CLANG_WARN_OBJC_ROOT_CLASS = YES_ERROR;
				CLANG_WARN_UNREACHABLE_CODE = YES;
				CLANG_WARN__DUPLICATE_METHOD_MATCH = YES;
				"CODE_SIGN_IDENTITY[sdk=iphoneos*]" = "iPhone Developer";
				COPY_PHASE_STRIP = YES;
				ENABLE_NS_ASSERTIONS = NO;
				ENABLE_STRICT_OBJC_MSGSEND = YES;
				GCC_C_LANGUAGE_STANDARD = gnu99;
				GCC_WARN_64_TO_32_BIT_CONVERSION = YES;
				GCC_WARN_ABOUT_RETURN_TYPE = YES_ERROR;
				GCC_WARN_UNDECLARED_SELECTOR = YES;
				GCC_WARN_UNINITIALIZED_AUTOS = YES_AGGRESSIVE;
				GCC_WARN_UNUSED_FUNCTION = YES;
				GCC_WARN_UNUSED_VARIABLE = YES;
				IPHONEOS_DEPLOYMENT_TARGET = 8.1;
				MTL_ENABLE_DEBUG_INFO = NO;
				SDKROOT = iphoneos;
				VALIDATE_PRODUCT = YES;
			};
			name = Release;
		};
		2831B66B1A893C87008C3299 /* Debug */ = {
			isa = XCBuildConfiguration;
			buildSettings = {
				ASSETCATALOG_COMPILER_APPICON_NAME = AppIcon;
				INFOPLIST_FILE = hangman/Info.plist;
				LD_RUNPATH_SEARCH_PATHS = "$(inherited) @executable_path/Frameworks";
				PRODUCT_NAME = "$(TARGET_NAME)";
			};
			name = Debug;
		};
		2831B66C1A893C87008C3299 /* Release */ = {
			isa = XCBuildConfiguration;
			buildSettings = {
				ASSETCATALOG_COMPILER_APPICON_NAME = AppIcon;
				INFOPLIST_FILE = hangman/Info.plist;
				LD_RUNPATH_SEARCH_PATHS = "$(inherited) @executable_path/Frameworks";
				PRODUCT_NAME = "$(TARGET_NAME)";
			};
			name = Release;
		};
		2831B66E1A893C87008C3299 /* Debug */ = {
			isa = XCBuildConfiguration;
			buildSettings = {
				BUNDLE_LOADER = "$(TEST_HOST)";
				FRAMEWORK_SEARCH_PATHS = (
					"$(SDKROOT)/Developer/Library/Frameworks",
					"$(inherited)",
				);
				GCC_PREPROCESSOR_DEFINITIONS = (
					"DEBUG=1",
					"$(inherited)",
				);
				INFOPLIST_FILE = hangmanTests/Info.plist;
				LD_RUNPATH_SEARCH_PATHS = "$(inherited) @executable_path/Frameworks @loader_path/Frameworks";
				PRODUCT_NAME = "$(TARGET_NAME)";
				TEST_HOST = "$(BUILT_PRODUCTS_DIR)/hangman.app/hangman";
			};
			name = Debug;
		};
		2831B66F1A893C87008C3299 /* Release */ = {
			isa = XCBuildConfiguration;
			buildSettings = {
				BUNDLE_LOADER = "$(TEST_HOST)";
				FRAMEWORK_SEARCH_PATHS = (
					"$(SDKROOT)/Developer/Library/Frameworks",
					"$(inherited)",
				);
				INFOPLIST_FILE = hangmanTests/Info.plist;
				LD_RUNPATH_SEARCH_PATHS = "$(inherited) @executable_path/Frameworks @loader_path/Frameworks";
				PRODUCT_NAME = "$(TARGET_NAME)";
				TEST_HOST = "$(BUILT_PRODUCTS_DIR)/hangman.app/hangman";
			};
			name = Release;
		};
/* End XCBuildConfiguration section */

/* Begin XCConfigurationList section */
		2831B6461A893C86008C3299 /* Build configuration list for PBXProject "hangman" */ = {
			isa = XCConfigurationList;
			buildConfigurations = (
				2831B6681A893C87008C3299 /* Debug */,
				2831B6691A893C87008C3299 /* Release */,
			);
			defaultConfigurationIsVisible = 0;
			defaultConfigurationName = Release;
		};
		2831B66A1A893C87008C3299 /* Build configuration list for PBXNativeTarget "hangman" */ = {
			isa = XCConfigurationList;
			buildConfigurations = (
				2831B66B1A893C87008C3299 /* Debug */,
				2831B66C1A893C87008C3299 /* Release */,
			);
			defaultConfigurationIsVisible = 0;
		};
		2831B66D1A893C87008C3299 /* Build configuration list for PBXNativeTarget "hangmanTests" */ = {
			isa = XCConfigurationList;
			buildConfigurations = (
				2831B66E1A893C87008C3299 /* Debug */,
				2831B66F1A893C87008C3299 /* Release */,
			);
			defaultConfigurationIsVisible = 0;
		};
/* End XCConfigurationList section */
	};
	rootObject = 2831B6431A893C86008C3299 /* Project object */;
}
