// !$*UTF8*$!
{
	archiveVersion = 1;
	classes = {
	};
	objectVersion = 46;
	objects = {

/* Begin PBXBuildFile section */
		285A87EC1A48E632008F774B /* AppDelegate.swift in Sources */ = {isa = PBXBuildFile; fileRef = 285A87EB1A48E632008F774B /* AppDelegate.swift */; };
		285A87EE1A48E632008F774B /* ViewController.swift in Sources */ = {isa = PBXBuildFile; fileRef = 285A87ED1A48E632008F774B /* ViewController.swift */; };
		285A87F11A48E632008F774B /* Main.storyboard in Resources */ = {isa = PBXBuildFile; fileRef = 285A87EF1A48E632008F774B /* Main.storyboard */; };
		285A87F31A48E632008F774B /* Images.xcassets in Resources */ = {isa = PBXBuildFile; fileRef = 285A87F21A48E632008F774B /* Images.xcassets */; };
		285A87F61A48E632008F774B /* LaunchScreen.xib in Resources */ = {isa = PBXBuildFile; fileRef = 285A87F41A48E632008F774B /* LaunchScreen.xib */; };
		285A88021A48E632008F774B /* nib_practiceTests.swift in Sources */ = {isa = PBXBuildFile; fileRef = 285A88011A48E632008F774B /* nib_practiceTests.swift */; };
		285A880C1A48E6E0008F774B /* secondary.xib in Resources */ = {isa = PBXBuildFile; fileRef = 285A880B1A48E6E0008F774B /* secondary.xib */; };
/* End PBXBuildFile section */

/* Begin PBXContainerItemProxy section */
		285A87FC1A48E632008F774B /* PBXContainerItemProxy */ = {
			isa = PBXContainerItemProxy;
			containerPortal = 285A87DE1A48E631008F774B /* Project object */;
			proxyType = 1;
			remoteGlobalIDString = 285A87E51A48E632008F774B;
			remoteInfo = "nib practice";
		};
/* End PBXContainerItemProxy section */

/* Begin PBXFileReference section */
		285A87E61A48E632008F774B /* nib practice.app */ = {isa = PBXFileReference; explicitFileType = wrapper.application; includeInIndex = 0; path = "nib practice.app"; sourceTree = BUILT_PRODUCTS_DIR; };
		285A87EA1A48E632008F774B /* Info.plist */ = {isa = PBXFileReference; lastKnownFileType = text.plist.xml; path = Info.plist; sourceTree = "<group>"; };
		285A87EB1A48E632008F774B /* AppDelegate.swift */ = {isa = PBXFileReference; lastKnownFileType = sourcecode.swift; path = AppDelegate.swift; sourceTree = "<group>"; };
		285A87ED1A48E632008F774B /* ViewController.swift */ = {isa = PBXFileReference; lastKnownFileType = sourcecode.swift; path = ViewController.swift; sourceTree = "<group>"; };
		285A87F01A48E632008F774B /* Base */ = {isa = PBXFileReference; lastKnownFileType = file.storyboard; name = Base; path = Base.lproj/Main.storyboard; sourceTree = "<group>"; };
		285A87F21A48E632008F774B /* Images.xcassets */ = {isa = PBXFileReference; lastKnownFileType = folder.assetcatalog; path = Images.xcassets; sourceTree = "<group>"; };
		285A87F51A48E632008F774B /* Base */ = {isa = PBXFileReference; lastKnownFileType = file.xib; name = Base; path = Base.lproj/LaunchScreen.xib; sourceTree = "<group>"; };
		285A87FB1A48E632008F774B /* nib practiceTests.xctest */ = {isa = PBXFileReference; explicitFileType = wrapper.cfbundle; includeInIndex = 0; path = "nib practiceTests.xctest"; sourceTree = BUILT_PRODUCTS_DIR; };
		285A88001A48E632008F774B /* Info.plist */ = {isa = PBXFileReference; lastKnownFileType = text.plist.xml; path = Info.plist; sourceTree = "<group>"; };
		285A88011A48E632008F774B /* nib_practiceTests.swift */ = {isa = PBXFileReference; lastKnownFileType = sourcecode.swift; path = nib_practiceTests.swift; sourceTree = "<group>"; };
		285A880B1A48E6E0008F774B /* secondary.xib */ = {isa = PBXFileReference; fileEncoding = 4; lastKnownFileType = file.xib; path = secondary.xib; sourceTree = "<group>"; };
/* End PBXFileReference section */

/* Begin PBXFrameworksBuildPhase section */
		285A87E31A48E632008F774B /* Frameworks */ = {
			isa = PBXFrameworksBuildPhase;
			buildActionMask = 2147483647;
			files = (
			);
			runOnlyForDeploymentPostprocessing = 0;
		};
		285A87F81A48E632008F774B /* Frameworks */ = {
			isa = PBXFrameworksBuildPhase;
			buildActionMask = 2147483647;
			files = (
			);
			runOnlyForDeploymentPostprocessing = 0;
		};
/* End PBXFrameworksBuildPhase section */

/* Begin PBXGroup section */
		285A87DD1A48E631008F774B = {
			isa = PBXGroup;
			children = (
				285A87E81A48E632008F774B /* nib practice */,
				285A87FE1A48E632008F774B /* nib practiceTests */,
				285A87E71A48E632008F774B /* Products */,
			);
			sourceTree = "<group>";
		};
		285A87E71A48E632008F774B /* Products */ = {
			isa = PBXGroup;
			children = (
				285A87E61A48E632008F774B /* nib practice.app */,
				285A87FB1A48E632008F774B /* nib practiceTests.xctest */,
			);
			name = Products;
			sourceTree = "<group>";
		};
		285A87E81A48E632008F774B /* nib practice */ = {
			isa = PBXGroup;
			children = (
				285A87EB1A48E632008F774B /* AppDelegate.swift */,
				285A87ED1A48E632008F774B /* ViewController.swift */,
				285A87EF1A48E632008F774B /* Main.storyboard */,
				285A87F21A48E632008F774B /* Images.xcassets */,
				285A87F41A48E632008F774B /* LaunchScreen.xib */,
				285A87E91A48E632008F774B /* Supporting Files */,
				285A880B1A48E6E0008F774B /* secondary.xib */,
			);
			path = "nib practice";
			sourceTree = "<group>";
		};
		285A87E91A48E632008F774B /* Supporting Files */ = {
			isa = PBXGroup;
			children = (
				285A87EA1A48E632008F774B /* Info.plist */,
			);
			name = "Supporting Files";
			sourceTree = "<group>";
		};
		285A87FE1A48E632008F774B /* nib practiceTests */ = {
			isa = PBXGroup;
			children = (
				285A88011A48E632008F774B /* nib_practiceTests.swift */,
				285A87FF1A48E632008F774B /* Supporting Files */,
			);
			path = "nib practiceTests";
			sourceTree = "<group>";
		};
		285A87FF1A48E632008F774B /* Supporting Files */ = {
			isa = PBXGroup;
			children = (
				285A88001A48E632008F774B /* Info.plist */,
			);
			name = "Supporting Files";
			sourceTree = "<group>";
		};
/* End PBXGroup section */

/* Begin PBXNativeTarget section */
		285A87E51A48E632008F774B /* nib practice */ = {
			isa = PBXNativeTarget;
			buildConfigurationList = 285A88051A48E632008F774B /* Build configuration list for PBXNativeTarget "nib practice" */;
			buildPhases = (
				285A87E21A48E632008F774B /* Sources */,
				285A87E31A48E632008F774B /* Frameworks */,
				285A87E41A48E632008F774B /* Resources */,
			);
			buildRules = (
			);
			dependencies = (
			);
			name = "nib practice";
			productName = "nib practice";
			productReference = 285A87E61A48E632008F774B /* nib practice.app */;
			productType = "com.apple.product-type.application";
		};
		285A87FA1A48E632008F774B /* nib practiceTests */ = {
			isa = PBXNativeTarget;
			buildConfigurationList = 285A88081A48E632008F774B /* Build configuration list for PBXNativeTarget "nib practiceTests" */;
			buildPhases = (
				285A87F71A48E632008F774B /* Sources */,
				285A87F81A48E632008F774B /* Frameworks */,
				285A87F91A48E632008F774B /* Resources */,
			);
			buildRules = (
			);
			dependencies = (
				285A87FD1A48E632008F774B /* PBXTargetDependency */,
			);
			name = "nib practiceTests";
			productName = "nib practiceTests";
			productReference = 285A87FB1A48E632008F774B /* nib practiceTests.xctest */;
			productType = "com.apple.product-type.bundle.unit-test";
		};
/* End PBXNativeTarget section */

/* Begin PBXProject section */
		285A87DE1A48E631008F774B /* Project object */ = {
			isa = PBXProject;
			attributes = {
				LastUpgradeCheck = 0610;
				ORGANIZATIONNAME = "Johanna Ostrich";
				TargetAttributes = {
					285A87E51A48E632008F774B = {
						CreatedOnToolsVersion = 6.1.1;
					};
					285A87FA1A48E632008F774B = {
						CreatedOnToolsVersion = 6.1.1;
						TestTargetID = 285A87E51A48E632008F774B;
					};
				};
			};
			buildConfigurationList = 285A87E11A48E631008F774B /* Build configuration list for PBXProject "nib practice" */;
			compatibilityVersion = "Xcode 3.2";
			developmentRegion = English;
			hasScannedForEncodings = 0;
			knownRegions = (
				en,
				Base,
			);
			mainGroup = 285A87DD1A48E631008F774B;
			productRefGroup = 285A87E71A48E632008F774B /* Products */;
			projectDirPath = "";
			projectRoot = "";
			targets = (
				285A87E51A48E632008F774B /* nib practice */,
				285A87FA1A48E632008F774B /* nib practiceTests */,
			);
		};
/* End PBXProject section */

/* Begin PBXResourcesBuildPhase section */
		285A87E41A48E632008F774B /* Resources */ = {
			isa = PBXResourcesBuildPhase;
			buildActionMask = 2147483647;
			files = (
				285A87F11A48E632008F774B /* Main.storyboard in Resources */,
				285A87F61A48E632008F774B /* LaunchScreen.xib in Resources */,
				285A880C1A48E6E0008F774B /* secondary.xib in Resources */,
				285A87F31A48E632008F774B /* Images.xcassets in Resources */,
			);
			runOnlyForDeploymentPostprocessing = 0;
		};
		285A87F91A48E632008F774B /* Resources */ = {
			isa = PBXResourcesBuildPhase;
			buildActionMask = 2147483647;
			files = (
			);
			runOnlyForDeploymentPostprocessing = 0;
		};
/* End PBXResourcesBuildPhase section */

/* Begin PBXSourcesBuildPhase section */
		285A87E21A48E632008F774B /* Sources */ = {
			isa = PBXSourcesBuildPhase;
			buildActionMask = 2147483647;
			files = (
				285A87EE1A48E632008F774B /* ViewController.swift in Sources */,
				285A87EC1A48E632008F774B /* AppDelegate.swift in Sources */,
			);
			runOnlyForDeploymentPostprocessing = 0;
		};
		285A87F71A48E632008F774B /* Sources */ = {
			isa = PBXSourcesBuildPhase;
			buildActionMask = 2147483647;
			files = (
				285A88021A48E632008F774B /* nib_practiceTests.swift in Sources */,
			);
			runOnlyForDeploymentPostprocessing = 0;
		};
/* End PBXSourcesBuildPhase section */

/* Begin PBXTargetDependency section */
		285A87FD1A48E632008F774B /* PBXTargetDependency */ = {
			isa = PBXTargetDependency;
			target = 285A87E51A48E632008F774B /* nib practice */;
			targetProxy = 285A87FC1A48E632008F774B /* PBXContainerItemProxy */;
		};
/* End PBXTargetDependency section */

/* Begin PBXVariantGroup section */
		285A87EF1A48E632008F774B /* Main.storyboard */ = {
			isa = PBXVariantGroup;
			children = (
				285A87F01A48E632008F774B /* Base */,
			);
			name = Main.storyboard;
			sourceTree = "<group>";
		};
		285A87F41A48E632008F774B /* LaunchScreen.xib */ = {
			isa = PBXVariantGroup;
			children = (
				285A87F51A48E632008F774B /* Base */,
			);
			name = LaunchScreen.xib;
			sourceTree = "<group>";
		};
/* End PBXVariantGroup section */

/* Begin XCBuildConfiguration section */
		285A88031A48E632008F774B /* Debug */ = {
			isa = XCBuildConfiguration;
			buildSettings = {
				ALWAYS_SEARCH_USER_PATHS = NO;
				CLANG_CXX_LANGUAGE_STANDARD = "gnu++0x";
				CLANG_CXX_LIBRARY = "libc++";
				CLANG_ENABLE_MODULES = YES;
				CLANG_ENABLE_OBJC_ARC = YES;
				CLANG_WARN_BOOL_CONVERSION = YES;
				CLANG_WARN_CONSTANT_CONVERSION = YES;
				CLANG_WARN_DIRECT_OBJC_ISA_USAGE = YES_ERROR;
				CLANG_WARN_EMPTY_BODY = YES;
				CLANG_WARN_ENUM_CONVERSION = YES;
				CLANG_WARN_INT_CONVERSION = YES;
				CLANG_WARN_OBJC_ROOT_CLASS = YES_ERROR;
				CLANG_WARN_UNREACHABLE_CODE = YES;
				CLANG_WARN__DUPLICATE_METHOD_MATCH = YES;
				"CODE_SIGN_IDENTITY[sdk=iphoneos*]" = "iPhone Developer";
				COPY_PHASE_STRIP = NO;
				ENABLE_STRICT_OBJC_MSGSEND = YES;
				GCC_C_LANGUAGE_STANDARD = gnu99;
				GCC_DYNAMIC_NO_PIC = NO;
				GCC_OPTIMIZATION_LEVEL = 0;
				GCC_PREPROCESSOR_DEFINITIONS = (
					"DEBUG=1",
					"$(inherited)",
				);
				GCC_SYMBOLS_PRIVATE_EXTERN = NO;
				GCC_WARN_64_TO_32_BIT_CONVERSION = YES;
				GCC_WARN_ABOUT_RETURN_TYPE = YES_ERROR;
				GCC_WARN_UNDECLARED_SELECTOR = YES;
				GCC_WARN_UNINITIALIZED_AUTOS = YES_AGGRESSIVE;
				GCC_WARN_UNUSED_FUNCTION = YES;
				GCC_WARN_UNUSED_VARIABLE = YES;
				IPHONEOS_DEPLOYMENT_TARGET = 8.1;
				MTL_ENABLE_DEBUG_INFO = YES;
				ONLY_ACTIVE_ARCH = YES;
				SDKROOT = iphoneos;
				SWIFT_OPTIMIZATION_LEVEL = "-Onone";
				TARGETED_DEVICE_FAMILY = "1,2";
			};
			name = Debug;
		};
		285A88041A48E632008F774B /* Release */ = {
			isa = XCBuildConfiguration;
			buildSettings = {
				ALWAYS_SEARCH_USER_PATHS = NO;
				CLANG_CXX_LANGUAGE_STANDARD = "gnu++0x";
				CLANG_CXX_LIBRARY = "libc++";
				CLANG_ENABLE_MODULES = YES;
				CLANG_ENABLE_OBJC_ARC = YES;
				CLANG_WARN_BOOL_CONVERSION = YES;
				CLANG_WARN_CONSTANT_CONVERSION = YES;
				CLANG_WARN_DIRECT_OBJC_ISA_USAGE = YES_ERROR;
				CLANG_WARN_EMPTY_BODY = YES;
				CLANG_WARN_ENUM_CONVERSION = YES;
				CLANG_WARN_INT_CONVERSION = YES;
				CLANG_WARN_OBJC_ROOT_CLASS = YES_ERROR;
				CLANG_WARN_UNREACHABLE_CODE = YES;
				CLANG_WARN__DUPLICATE_METHOD_MATCH = YES;
				"CODE_SIGN_IDENTITY[sdk=iphoneos*]" = "iPhone Developer";
				COPY_PHASE_STRIP = YES;
				ENABLE_NS_ASSERTIONS = NO;
				ENABLE_STRICT_OBJC_MSGSEND = YES;
				GCC_C_LANGUAGE_STANDARD = gnu99;
				GCC_WARN_64_TO_32_BIT_CONVERSION = YES;
				GCC_WARN_ABOUT_RETURN_TYPE = YES_ERROR;
				GCC_WARN_UNDECLARED_SELECTOR = YES;
				GCC_WARN_UNINITIALIZED_AUTOS = YES_AGGRESSIVE;
				GCC_WARN_UNUSED_FUNCTION = YES;
				GCC_WARN_UNUSED_VARIABLE = YES;
				IPHONEOS_DEPLOYMENT_TARGET = 8.1;
				MTL_ENABLE_DEBUG_INFO = NO;
				SDKROOT = iphoneos;
				TARGETED_DEVICE_FAMILY = "1,2";
				VALIDATE_PRODUCT = YES;
			};
			name = Release;
		};
		285A88061A48E632008F774B /* Debug */ = {
			isa = XCBuildConfiguration;
			buildSettings = {
				ASSETCATALOG_COMPILER_APPICON_NAME = AppIcon;
				INFOPLIST_FILE = "nib practice/Info.plist";
				LD_RUNPATH_SEARCH_PATHS = "$(inherited) @executable_path/Frameworks";
				PRODUCT_NAME = "$(TARGET_NAME)";
			};
			name = Debug;
		};
		285A88071A48E632008F774B /* Release */ = {
			isa = XCBuildConfiguration;
			buildSettings = {
				ASSETCATALOG_COMPILER_APPICON_NAME = AppIcon;
				INFOPLIST_FILE = "nib practice/Info.plist";
				LD_RUNPATH_SEARCH_PATHS = "$(inherited) @executable_path/Frameworks";
				PRODUCT_NAME = "$(TARGET_NAME)";
			};
			name = Release;
		};
		285A88091A48E632008F774B /* Debug */ = {
			isa = XCBuildConfiguration;
			buildSettings = {
				BUNDLE_LOADER = "$(TEST_HOST)";
				FRAMEWORK_SEARCH_PATHS = (
					"$(SDKROOT)/Developer/Library/Frameworks",
					"$(inherited)",
				);
				GCC_PREPROCESSOR_DEFINITIONS = (
					"DEBUG=1",
					"$(inherited)",
				);
				INFOPLIST_FILE = "nib practiceTests/Info.plist";
				LD_RUNPATH_SEARCH_PATHS = "$(inherited) @executable_path/Frameworks @loader_path/Frameworks";
				PRODUCT_NAME = "$(TARGET_NAME)";
				TEST_HOST = "$(BUILT_PRODUCTS_DIR)/nib practice.app/nib practice";
			};
			name = Debug;
		};
		285A880A1A48E632008F774B /* Release */ = {
			isa = XCBuildConfiguration;
			buildSettings = {
				BUNDLE_LOADER = "$(TEST_HOST)";
				FRAMEWORK_SEARCH_PATHS = (
					"$(SDKROOT)/Developer/Library/Frameworks",
					"$(inherited)",
				);
				INFOPLIST_FILE = "nib practiceTests/Info.plist";
				LD_RUNPATH_SEARCH_PATHS = "$(inherited) @executable_path/Frameworks @loader_path/Frameworks";
				PRODUCT_NAME = "$(TARGET_NAME)";
				TEST_HOST = "$(BUILT_PRODUCTS_DIR)/nib practice.app/nib practice";
			};
			name = Release;
		};
/* End XCBuildConfiguration section */

/* Begin XCConfigurationList section */
		285A87E11A48E631008F774B /* Build configuration list for PBXProject "nib practice" */ = {
			isa = XCConfigurationList;
			buildConfigurations = (
				285A88031A48E632008F774B /* Debug */,
				285A88041A48E632008F774B /* Release */,
			);
			defaultConfigurationIsVisible = 0;
			defaultConfigurationName = Release;
		};
		285A88051A48E632008F774B /* Build configuration list for PBXNativeTarget "nib practice" */ = {
			isa = XCConfigurationList;
			buildConfigurations = (
				285A88061A48E632008F774B /* Debug */,
				285A88071A48E632008F774B /* Release */,
			);
			defaultConfigurationIsVisible = 0;
		};
		285A88081A48E632008F774B /* Build configuration list for PBXNativeTarget "nib practiceTests" */ = {
			isa = XCConfigurationList;
			buildConfigurations = (
				285A88091A48E632008F774B /* Debug */,
				285A880A1A48E632008F774B /* Release */,
			);
			defaultConfigurationIsVisible = 0;
		};
/* End XCConfigurationList section */
	};
	rootObject = 285A87DE1A48E631008F774B /* Project object */;
}
