// !$*UTF8*$!
{
	archiveVersion = 1;
	classes = {
	};
	objectVersion = 46;
	objects = {

/* Begin PBXBuildFile section */
		281961711A88834F00B883B9 /* SecondViewController.swift in Sources */ = {isa = PBXBuildFile; fileRef = 281961701A88834F00B883B9 /* SecondViewController.swift */; };
		281961731A8887E700B883B9 /* theFonz.jpg in Resources */ = {isa = PBXBuildFile; fileRef = 281961721A8887E700B883B9 /* theFonz.jpg */; };
		281961751A8887ED00B883B9 /* batman.jpg in Resources */ = {isa = PBXBuildFile; fileRef = 281961741A8887ED00B883B9 /* batman.jpg */; };
		281961771A8887F400B883B9 /* baby.jpg in Resources */ = {isa = PBXBuildFile; fileRef = 281961761A8887F400B883B9 /* baby.jpg */; };
		281961791A888B7900B883B9 /* president.jpg in Resources */ = {isa = PBXBuildFile; fileRef = 281961781A888B7900B883B9 /* president.jpg */; };
		28878A411A83009300F56C0D /* AppDelegate.swift in Sources */ = {isa = PBXBuildFile; fileRef = 28878A401A83009300F56C0D /* AppDelegate.swift */; };
		28878A431A83009300F56C0D /* ViewController.swift in Sources */ = {isa = PBXBuildFile; fileRef = 28878A421A83009300F56C0D /* ViewController.swift */; };
		28878A461A83009300F56C0D /* Main.storyboard in Resources */ = {isa = PBXBuildFile; fileRef = 28878A441A83009300F56C0D /* Main.storyboard */; };
		28878A481A83009300F56C0D /* Images.xcassets in Resources */ = {isa = PBXBuildFile; fileRef = 28878A471A83009300F56C0D /* Images.xcassets */; };
		28878A4B1A83009300F56C0D /* LaunchScreen.xib in Resources */ = {isa = PBXBuildFile; fileRef = 28878A491A83009300F56C0D /* LaunchScreen.xib */; };
		28878A571A83009300F56C0D /* loginTests.swift in Sources */ = {isa = PBXBuildFile; fileRef = 28878A561A83009300F56C0D /* loginTests.swift */; };
/* End PBXBuildFile section */

/* Begin PBXContainerItemProxy section */
		28878A511A83009300F56C0D /* PBXContainerItemProxy */ = {
			isa = PBXContainerItemProxy;
			containerPortal = 28878A331A83009300F56C0D /* Project object */;
			proxyType = 1;
			remoteGlobalIDString = 28878A3A1A83009300F56C0D;
			remoteInfo = login;
		};
/* End PBXContainerItemProxy section */

/* Begin PBXFileReference section */
		281961701A88834F00B883B9 /* SecondViewController.swift */ = {isa = PBXFileReference; fileEncoding = 4; lastKnownFileType = sourcecode.swift; path = SecondViewController.swift; sourceTree = "<group>"; };
		281961721A8887E700B883B9 /* theFonz.jpg */ = {isa = PBXFileReference; lastKnownFileType = image.jpeg; path = theFonz.jpg; sourceTree = "<group>"; };
		281961741A8887ED00B883B9 /* batman.jpg */ = {isa = PBXFileReference; lastKnownFileType = image.jpeg; path = batman.jpg; sourceTree = "<group>"; };
		281961761A8887F400B883B9 /* baby.jpg */ = {isa = PBXFileReference; lastKnownFileType = image.jpeg; path = baby.jpg; sourceTree = "<group>"; };
		281961781A888B7900B883B9 /* president.jpg */ = {isa = PBXFileReference; lastKnownFileType = image.jpeg; path = president.jpg; sourceTree = "<group>"; };
		28878A3B1A83009300F56C0D /* login.app */ = {isa = PBXFileReference; explicitFileType = wrapper.application; includeInIndex = 0; path = login.app; sourceTree = BUILT_PRODUCTS_DIR; };
		28878A3F1A83009300F56C0D /* Info.plist */ = {isa = PBXFileReference; lastKnownFileType = text.plist.xml; path = Info.plist; sourceTree = "<group>"; };
		28878A401A83009300F56C0D /* AppDelegate.swift */ = {isa = PBXFileReference; lastKnownFileType = sourcecode.swift; path = AppDelegate.swift; sourceTree = "<group>"; };
		28878A421A83009300F56C0D /* ViewController.swift */ = {isa = PBXFileReference; lastKnownFileType = sourcecode.swift; path = ViewController.swift; sourceTree = "<group>"; };
		28878A451A83009300F56C0D /* Base */ = {isa = PBXFileReference; lastKnownFileType = file.storyboard; name = Base; path = Base.lproj/Main.storyboard; sourceTree = "<group>"; };
		28878A471A83009300F56C0D /* Images.xcassets */ = {isa = PBXFileReference; lastKnownFileType = folder.assetcatalog; path = Images.xcassets; sourceTree = "<group>"; };
		28878A4A1A83009300F56C0D /* Base */ = {isa = PBXFileReference; lastKnownFileType = file.xib; name = Base; path = Base.lproj/LaunchScreen.xib; sourceTree = "<group>"; };
		28878A501A83009300F56C0D /* loginTests.xctest */ = {isa = PBXFileReference; explicitFileType = wrapper.cfbundle; includeInIndex = 0; path = loginTests.xctest; sourceTree = BUILT_PRODUCTS_DIR; };
		28878A551A83009300F56C0D /* Info.plist */ = {isa = PBXFileReference; lastKnownFileType = text.plist.xml; path = Info.plist; sourceTree = "<group>"; };
		28878A561A83009300F56C0D /* loginTests.swift */ = {isa = PBXFileReference; lastKnownFileType = sourcecode.swift; path = loginTests.swift; sourceTree = "<group>"; };
/* End PBXFileReference section */

/* Begin PBXFrameworksBuildPhase section */
		28878A381A83009300F56C0D /* Frameworks */ = {
			isa = PBXFrameworksBuildPhase;
			buildActionMask = 2147483647;
			files = (
			);
			runOnlyForDeploymentPostprocessing = 0;
		};
		28878A4D1A83009300F56C0D /* Frameworks */ = {
			isa = PBXFrameworksBuildPhase;
			buildActionMask = 2147483647;
			files = (
			);
			runOnlyForDeploymentPostprocessing = 0;
		};
/* End PBXFrameworksBuildPhase section */

/* Begin PBXGroup section */
		28878A321A83009300F56C0D = {
			isa = PBXGroup;
			children = (
				28878A3D1A83009300F56C0D /* login */,
				28878A531A83009300F56C0D /* loginTests */,
				28878A3C1A83009300F56C0D /* Products */,
			);
			sourceTree = "<group>";
		};
		28878A3C1A83009300F56C0D /* Products */ = {
			isa = PBXGroup;
			children = (
				28878A3B1A83009300F56C0D /* login.app */,
				28878A501A83009300F56C0D /* loginTests.xctest */,
			);
			name = Products;
			sourceTree = "<group>";
		};
		28878A3D1A83009300F56C0D /* login */ = {
			isa = PBXGroup;
			children = (
				28878A401A83009300F56C0D /* AppDelegate.swift */,
				28878A421A83009300F56C0D /* ViewController.swift */,
				281961701A88834F00B883B9 /* SecondViewController.swift */,
				28878A441A83009300F56C0D /* Main.storyboard */,
				281961721A8887E700B883B9 /* theFonz.jpg */,
				281961741A8887ED00B883B9 /* batman.jpg */,
				281961761A8887F400B883B9 /* baby.jpg */,
				281961781A888B7900B883B9 /* president.jpg */,
				28878A471A83009300F56C0D /* Images.xcassets */,
				28878A491A83009300F56C0D /* LaunchScreen.xib */,
				28878A3E1A83009300F56C0D /* Supporting Files */,
			);
			path = login;
			sourceTree = "<group>";
		};
		28878A3E1A83009300F56C0D /* Supporting Files */ = {
			isa = PBXGroup;
			children = (
				28878A3F1A83009300F56C0D /* Info.plist */,
			);
			name = "Supporting Files";
			sourceTree = "<group>";
		};
		28878A531A83009300F56C0D /* loginTests */ = {
			isa = PBXGroup;
			children = (
				28878A561A83009300F56C0D /* loginTests.swift */,
				28878A541A83009300F56C0D /* Supporting Files */,
			);
			path = loginTests;
			sourceTree = "<group>";
		};
		28878A541A83009300F56C0D /* Supporting Files */ = {
			isa = PBXGroup;
			children = (
				28878A551A83009300F56C0D /* Info.plist */,
			);
			name = "Supporting Files";
			sourceTree = "<group>";
		};
/* End PBXGroup section */

/* Begin PBXNativeTarget section */
		28878A3A1A83009300F56C0D /* login */ = {
			isa = PBXNativeTarget;
			buildConfigurationList = 28878A5A1A83009300F56C0D /* Build configuration list for PBXNativeTarget "login" */;
			buildPhases = (
				28878A371A83009300F56C0D /* Sources */,
				28878A381A83009300F56C0D /* Frameworks */,
				28878A391A83009300F56C0D /* Resources */,
			);
			buildRules = (
			);
			dependencies = (
			);
			name = login;
			productName = login;
			productReference = 28878A3B1A83009300F56C0D /* login.app */;
			productType = "com.apple.product-type.application";
		};
		28878A4F1A83009300F56C0D /* loginTests */ = {
			isa = PBXNativeTarget;
			buildConfigurationList = 28878A5D1A83009300F56C0D /* Build configuration list for PBXNativeTarget "loginTests" */;
			buildPhases = (
				28878A4C1A83009300F56C0D /* Sources */,
				28878A4D1A83009300F56C0D /* Frameworks */,
				28878A4E1A83009300F56C0D /* Resources */,
			);
			buildRules = (
			);
			dependencies = (
				28878A521A83009300F56C0D /* PBXTargetDependency */,
			);
			name = loginTests;
			productName = loginTests;
			productReference = 28878A501A83009300F56C0D /* loginTests.xctest */;
			productType = "com.apple.product-type.bundle.unit-test";
		};
/* End PBXNativeTarget section */

/* Begin PBXProject section */
		28878A331A83009300F56C0D /* Project object */ = {
			isa = PBXProject;
			attributes = {
				LastUpgradeCheck = 0610;
				ORGANIZATIONNAME = "Johanna Ostrich";
				TargetAttributes = {
					28878A3A1A83009300F56C0D = {
						CreatedOnToolsVersion = 6.1.1;
					};
					28878A4F1A83009300F56C0D = {
						CreatedOnToolsVersion = 6.1.1;
						TestTargetID = 28878A3A1A83009300F56C0D;
					};
				};
			};
			buildConfigurationList = 28878A361A83009300F56C0D /* Build configuration list for PBXProject "login" */;
			compatibilityVersion = "Xcode 3.2";
			developmentRegion = English;
			hasScannedForEncodings = 0;
			knownRegions = (
				en,
				Base,
			);
			mainGroup = 28878A321A83009300F56C0D;
			productRefGroup = 28878A3C1A83009300F56C0D /* Products */;
			projectDirPath = "";
			projectRoot = "";
			targets = (
				28878A3A1A83009300F56C0D /* login */,
				28878A4F1A83009300F56C0D /* loginTests */,
			);
		};
/* End PBXProject section */

/* Begin PBXResourcesBuildPhase section */
		28878A391A83009300F56C0D /* Resources */ = {
			isa = PBXResourcesBuildPhase;
			buildActionMask = 2147483647;
			files = (
				281961731A8887E700B883B9 /* theFonz.jpg in Resources */,
				281961771A8887F400B883B9 /* baby.jpg in Resources */,
				281961791A888B7900B883B9 /* president.jpg in Resources */,
				28878A461A83009300F56C0D /* Main.storyboard in Resources */,
				28878A4B1A83009300F56C0D /* LaunchScreen.xib in Resources */,
				281961751A8887ED00B883B9 /* batman.jpg in Resources */,
				28878A481A83009300F56C0D /* Images.xcassets in Resources */,
			);
			runOnlyForDeploymentPostprocessing = 0;
		};
		28878A4E1A83009300F56C0D /* Resources */ = {
			isa = PBXResourcesBuildPhase;
			buildActionMask = 2147483647;
			files = (
			);
			runOnlyForDeploymentPostprocessing = 0;
		};
/* End PBXResourcesBuildPhase section */

/* Begin PBXSourcesBuildPhase section */
		28878A371A83009300F56C0D /* Sources */ = {
			isa = PBXSourcesBuildPhase;
			buildActionMask = 2147483647;
			files = (
				281961711A88834F00B883B9 /* SecondViewController.swift in Sources */,
				28878A431A83009300F56C0D /* ViewController.swift in Sources */,
				28878A411A83009300F56C0D /* AppDelegate.swift in Sources */,
			);
			runOnlyForDeploymentPostprocessing = 0;
		};
		28878A4C1A83009300F56C0D /* Sources */ = {
			isa = PBXSourcesBuildPhase;
			buildActionMask = 2147483647;
			files = (
				28878A571A83009300F56C0D /* loginTests.swift in Sources */,
			);
			runOnlyForDeploymentPostprocessing = 0;
		};
/* End PBXSourcesBuildPhase section */

/* Begin PBXTargetDependency section */
		28878A521A83009300F56C0D /* PBXTargetDependency */ = {
			isa = PBXTargetDependency;
			target = 28878A3A1A83009300F56C0D /* login */;
			targetProxy = 28878A511A83009300F56C0D /* PBXContainerItemProxy */;
		};
/* End PBXTargetDependency section */

/* Begin PBXVariantGroup section */
		28878A441A83009300F56C0D /* Main.storyboard */ = {
			isa = PBXVariantGroup;
			children = (
				28878A451A83009300F56C0D /* Base */,
			);
			name = Main.storyboard;
			sourceTree = "<group>";
		};
		28878A491A83009300F56C0D /* LaunchScreen.xib */ = {
			isa = PBXVariantGroup;
			children = (
				28878A4A1A83009300F56C0D /* Base */,
			);
			name = LaunchScreen.xib;
			sourceTree = "<group>";
		};
/* End PBXVariantGroup section */

/* Begin XCBuildConfiguration section */
		28878A581A83009300F56C0D /* Debug */ = {
			isa = XCBuildConfiguration;
			buildSettings = {
				ALWAYS_SEARCH_USER_PATHS = NO;
				CLANG_CXX_LANGUAGE_STANDARD = "gnu++0x";
				CLANG_CXX_LIBRARY = "libc++";
				CLANG_ENABLE_MODULES = YES;
				CLANG_ENABLE_OBJC_ARC = YES;
				CLANG_WARN_BOOL_CONVERSION = YES;
				CLANG_WARN_CONSTANT_CONVERSION = YES;
				CLANG_WARN_DIRECT_OBJC_ISA_USAGE = YES_ERROR;
				CLANG_WARN_EMPTY_BODY = YES;
				CLANG_WARN_ENUM_CONVERSION = YES;
				CLANG_WARN_INT_CONVERSION = YES;
				CLANG_WARN_OBJC_ROOT_CLASS = YES_ERROR;
				CLANG_WARN_UNREACHABLE_CODE = YES;
				CLANG_WARN__DUPLICATE_METHOD_MATCH = YES;
				"CODE_SIGN_IDENTITY[sdk=iphoneos*]" = "iPhone Developer";
				COPY_PHASE_STRIP = NO;
				ENABLE_STRICT_OBJC_MSGSEND = YES;
				GCC_C_LANGUAGE_STANDARD = gnu99;
				GCC_DYNAMIC_NO_PIC = NO;
				GCC_OPTIMIZATION_LEVEL = 0;
				GCC_PREPROCESSOR_DEFINITIONS = (
					"DEBUG=1",
					"$(inherited)",
				);
				GCC_SYMBOLS_PRIVATE_EXTERN = NO;
				GCC_WARN_64_TO_32_BIT_CONVERSION = YES;
				GCC_WARN_ABOUT_RETURN_TYPE = YES_ERROR;
				GCC_WARN_UNDECLARED_SELECTOR = YES;
				GCC_WARN_UNINITIALIZED_AUTOS = YES_AGGRESSIVE;
				GCC_WARN_UNUSED_FUNCTION = YES;
				GCC_WARN_UNUSED_VARIABLE = YES;
				IPHONEOS_DEPLOYMENT_TARGET = 8.1;
				MTL_ENABLE_DEBUG_INFO = YES;
				ONLY_ACTIVE_ARCH = YES;
				SDKROOT = iphoneos;
				SWIFT_OPTIMIZATION_LEVEL = "-Onone";
			};
			name = Debug;
		};
		28878A591A83009300F56C0D /* Release */ = {
			isa = XCBuildConfiguration;
			buildSettings = {
				ALWAYS_SEARCH_USER_PATHS = NO;
				CLANG_CXX_LANGUAGE_STANDARD = "gnu++0x";
				CLANG_CXX_LIBRARY = "libc++";
				CLANG_ENABLE_MODULES = YES;
				CLANG_ENABLE_OBJC_ARC = YES;
				CLANG_WARN_BOOL_CONVERSION = YES;
				CLANG_WARN_CONSTANT_CONVERSION = YES;
				CLANG_WARN_DIRECT_OBJC_ISA_USAGE = YES_ERROR;
				CLANG_WARN_EMPTY_BODY = YES;
				CLANG_WARN_ENUM_CONVERSION = YES;
				CLANG_WARN_INT_CONVERSION = YES;
				CLANG_WARN_OBJC_ROOT_CLASS = YES_ERROR;
				CLANG_WARN_UNREACHABLE_CODE = YES;
				CLANG_WARN__DUPLICATE_METHOD_MATCH = YES;
				"CODE_SIGN_IDENTITY[sdk=iphoneos*]" = "iPhone Developer";
				COPY_PHASE_STRIP = YES;
				ENABLE_NS_ASSERTIONS = NO;
				ENABLE_STRICT_OBJC_MSGSEND = YES;
				GCC_C_LANGUAGE_STANDARD = gnu99;
				GCC_WARN_64_TO_32_BIT_CONVERSION = YES;
				GCC_WARN_ABOUT_RETURN_TYPE = YES_ERROR;
				GCC_WARN_UNDECLARED_SELECTOR = YES;
				GCC_WARN_UNINITIALIZED_AUTOS = YES_AGGRESSIVE;
				GCC_WARN_UNUSED_FUNCTION = YES;
				GCC_WARN_UNUSED_VARIABLE = YES;
				IPHONEOS_DEPLOYMENT_TARGET = 8.1;
				MTL_ENABLE_DEBUG_INFO = NO;
				SDKROOT = iphoneos;
				VALIDATE_PRODUCT = YES;
			};
			name = Release;
		};
		28878A5B1A83009300F56C0D /* Debug */ = {
			isa = XCBuildConfiguration;
			buildSettings = {
				ASSETCATALOG_COMPILER_APPICON_NAME = AppIcon;
				INFOPLIST_FILE = login/Info.plist;
				LD_RUNPATH_SEARCH_PATHS = "$(inherited) @executable_path/Frameworks";
				PRODUCT_NAME = "$(TARGET_NAME)";
			};
			name = Debug;
		};
		28878A5C1A83009300F56C0D /* Release */ = {
			isa = XCBuildConfiguration;
			buildSettings = {
				ASSETCATALOG_COMPILER_APPICON_NAME = AppIcon;
				INFOPLIST_FILE = login/Info.plist;
				LD_RUNPATH_SEARCH_PATHS = "$(inherited) @executable_path/Frameworks";
				PRODUCT_NAME = "$(TARGET_NAME)";
			};
			name = Release;
		};
		28878A5E1A83009300F56C0D /* Debug */ = {
			isa = XCBuildConfiguration;
			buildSettings = {
				BUNDLE_LOADER = "$(TEST_HOST)";
				FRAMEWORK_SEARCH_PATHS = (
					"$(SDKROOT)/Developer/Library/Frameworks",
					"$(inherited)",
				);
				GCC_PREPROCESSOR_DEFINITIONS = (
					"DEBUG=1",
					"$(inherited)",
				);
				INFOPLIST_FILE = loginTests/Info.plist;
				LD_RUNPATH_SEARCH_PATHS = "$(inherited) @executable_path/Frameworks @loader_path/Frameworks";
				PRODUCT_NAME = "$(TARGET_NAME)";
				TEST_HOST = "$(BUILT_PRODUCTS_DIR)/login.app/login";
			};
			name = Debug;
		};
		28878A5F1A83009300F56C0D /* Release */ = {
			isa = XCBuildConfiguration;
			buildSettings = {
				BUNDLE_LOADER = "$(TEST_HOST)";
				FRAMEWORK_SEARCH_PATHS = (
					"$(SDKROOT)/Developer/Library/Frameworks",
					"$(inherited)",
				);
				INFOPLIST_FILE = loginTests/Info.plist;
				LD_RUNPATH_SEARCH_PATHS = "$(inherited) @executable_path/Frameworks @loader_path/Frameworks";
				PRODUCT_NAME = "$(TARGET_NAME)";
				TEST_HOST = "$(BUILT_PRODUCTS_DIR)/login.app/login";
			};
			name = Release;
		};
/* End XCBuildConfiguration section */

/* Begin XCConfigurationList section */
		28878A361A83009300F56C0D /* Build configuration list for PBXProject "login" */ = {
			isa = XCConfigurationList;
			buildConfigurations = (
				28878A581A83009300F56C0D /* Debug */,
				28878A591A83009300F56C0D /* Release */,
			);
			defaultConfigurationIsVisible = 0;
			defaultConfigurationName = Release;
		};
		28878A5A1A83009300F56C0D /* Build configuration list for PBXNativeTarget "login" */ = {
			isa = XCConfigurationList;
			buildConfigurations = (
				28878A5B1A83009300F56C0D /* Debug */,
				28878A5C1A83009300F56C0D /* Release */,
			);
			defaultConfigurationIsVisible = 0;
			defaultConfigurationName = Release;
		};
		28878A5D1A83009300F56C0D /* Build configuration list for PBXNativeTarget "loginTests" */ = {
			isa = XCConfigurationList;
			buildConfigurations = (
				28878A5E1A83009300F56C0D /* Debug */,
				28878A5F1A83009300F56C0D /* Release */,
			);
			defaultConfigurationIsVisible = 0;
			defaultConfigurationName = Release;
		};
/* End XCConfigurationList section */
	};
	rootObject = 28878A331A83009300F56C0D /* Project object */;
}
