// !$*UTF8*$!
{
	archiveVersion = 1;
	classes = {
	};
	objectVersion = 46;
	objects = {

/* Begin PBXBuildFile section */
		282CA2171AAE5ACA00FE4691 /* AppDelegate.swift in Sources */ = {isa = PBXBuildFile; fileRef = 282CA2161AAE5ACA00FE4691 /* AppDelegate.swift */; };
		282CA2191AAE5ACA00FE4691 /* ViewController.swift in Sources */ = {isa = PBXBuildFile; fileRef = 282CA2181AAE5ACA00FE4691 /* ViewController.swift */; };
		282CA21C1AAE5ACA00FE4691 /* Main.storyboard in Resources */ = {isa = PBXBuildFile; fileRef = 282CA21A1AAE5ACA00FE4691 /* Main.storyboard */; };
		282CA21E1AAE5ACA00FE4691 /* Images.xcassets in Resources */ = {isa = PBXBuildFile; fileRef = 282CA21D1AAE5ACA00FE4691 /* Images.xcassets */; };
		282CA2211AAE5ACA00FE4691 /* LaunchScreen.xib in Resources */ = {isa = PBXBuildFile; fileRef = 282CA21F1AAE5ACA00FE4691 /* LaunchScreen.xib */; };
		282CA22D1AAE5ACA00FE4691 /* openWeatherTests.swift in Sources */ = {isa = PBXBuildFile; fileRef = 282CA22C1AAE5ACA00FE4691 /* openWeatherTests.swift */; };
		282CA2371AAE670400FE4691 /* Weather.swift in Sources */ = {isa = PBXBuildFile; fileRef = 282CA2361AAE670400FE4691 /* Weather.swift */; };
/* End PBXBuildFile section */

/* Begin PBXContainerItemProxy section */
		282CA2271AAE5ACA00FE4691 /* PBXContainerItemProxy */ = {
			isa = PBXContainerItemProxy;
			containerPortal = 282CA2091AAE5ACA00FE4691 /* Project object */;
			proxyType = 1;
			remoteGlobalIDString = 282CA2101AAE5ACA00FE4691;
			remoteInfo = openWeather;
		};
/* End PBXContainerItemProxy section */

/* Begin PBXFileReference section */
		282CA2111AAE5ACA00FE4691 /* openWeather.app */ = {isa = PBXFileReference; explicitFileType = wrapper.application; includeInIndex = 0; path = openWeather.app; sourceTree = BUILT_PRODUCTS_DIR; };
		282CA2151AAE5ACA00FE4691 /* Info.plist */ = {isa = PBXFileReference; lastKnownFileType = text.plist.xml; path = Info.plist; sourceTree = "<group>"; };
		282CA2161AAE5ACA00FE4691 /* AppDelegate.swift */ = {isa = PBXFileReference; lastKnownFileType = sourcecode.swift; path = AppDelegate.swift; sourceTree = "<group>"; };
		282CA2181AAE5ACA00FE4691 /* ViewController.swift */ = {isa = PBXFileReference; lastKnownFileType = sourcecode.swift; path = ViewController.swift; sourceTree = "<group>"; };
		282CA21B1AAE5ACA00FE4691 /* Base */ = {isa = PBXFileReference; lastKnownFileType = file.storyboard; name = Base; path = Base.lproj/Main.storyboard; sourceTree = "<group>"; };
		282CA21D1AAE5ACA00FE4691 /* Images.xcassets */ = {isa = PBXFileReference; lastKnownFileType = folder.assetcatalog; path = Images.xcassets; sourceTree = "<group>"; };
		282CA2201AAE5ACA00FE4691 /* Base */ = {isa = PBXFileReference; lastKnownFileType = file.xib; name = Base; path = Base.lproj/LaunchScreen.xib; sourceTree = "<group>"; };
		282CA2261AAE5ACA00FE4691 /* openWeatherTests.xctest */ = {isa = PBXFileReference; explicitFileType = wrapper.cfbundle; includeInIndex = 0; path = openWeatherTests.xctest; sourceTree = BUILT_PRODUCTS_DIR; };
		282CA22B1AAE5ACA00FE4691 /* Info.plist */ = {isa = PBXFileReference; lastKnownFileType = text.plist.xml; path = Info.plist; sourceTree = "<group>"; };
		282CA22C1AAE5ACA00FE4691 /* openWeatherTests.swift */ = {isa = PBXFileReference; lastKnownFileType = sourcecode.swift; path = openWeatherTests.swift; sourceTree = "<group>"; };
		282CA2361AAE670400FE4691 /* Weather.swift */ = {isa = PBXFileReference; fileEncoding = 4; lastKnownFileType = sourcecode.swift; path = Weather.swift; sourceTree = "<group>"; };
/* End PBXFileReference section */

/* Begin PBXFrameworksBuildPhase section */
		282CA20E1AAE5ACA00FE4691 /* Frameworks */ = {
			isa = PBXFrameworksBuildPhase;
			buildActionMask = 2147483647;
			files = (
			);
			runOnlyForDeploymentPostprocessing = 0;
		};
		282CA2231AAE5ACA00FE4691 /* Frameworks */ = {
			isa = PBXFrameworksBuildPhase;
			buildActionMask = 2147483647;
			files = (
			);
			runOnlyForDeploymentPostprocessing = 0;
		};
/* End PBXFrameworksBuildPhase section */

/* Begin PBXGroup section */
		282CA2081AAE5ACA00FE4691 = {
			isa = PBXGroup;
			children = (
				282CA2131AAE5ACA00FE4691 /* openWeather */,
				282CA2291AAE5ACA00FE4691 /* openWeatherTests */,
				282CA2121AAE5ACA00FE4691 /* Products */,
			);
			sourceTree = "<group>";
		};
		282CA2121AAE5ACA00FE4691 /* Products */ = {
			isa = PBXGroup;
			children = (
				282CA2111AAE5ACA00FE4691 /* openWeather.app */,
				282CA2261AAE5ACA00FE4691 /* openWeatherTests.xctest */,
			);
			name = Products;
			sourceTree = "<group>";
		};
		282CA2131AAE5ACA00FE4691 /* openWeather */ = {
			isa = PBXGroup;
			children = (
				282CA2161AAE5ACA00FE4691 /* AppDelegate.swift */,
				282CA2181AAE5ACA00FE4691 /* ViewController.swift */,
				282CA21A1AAE5ACA00FE4691 /* Main.storyboard */,
				282CA21D1AAE5ACA00FE4691 /* Images.xcassets */,
				282CA21F1AAE5ACA00FE4691 /* LaunchScreen.xib */,
				282CA2141AAE5ACA00FE4691 /* Supporting Files */,
				282CA2361AAE670400FE4691 /* Weather.swift */,
			);
			path = openWeather;
			sourceTree = "<group>";
		};
		282CA2141AAE5ACA00FE4691 /* Supporting Files */ = {
			isa = PBXGroup;
			children = (
				282CA2151AAE5ACA00FE4691 /* Info.plist */,
			);
			name = "Supporting Files";
			sourceTree = "<group>";
		};
		282CA2291AAE5ACA00FE4691 /* openWeatherTests */ = {
			isa = PBXGroup;
			children = (
				282CA22C1AAE5ACA00FE4691 /* openWeatherTests.swift */,
				282CA22A1AAE5ACA00FE4691 /* Supporting Files */,
			);
			path = openWeatherTests;
			sourceTree = "<group>";
		};
		282CA22A1AAE5ACA00FE4691 /* Supporting Files */ = {
			isa = PBXGroup;
			children = (
				282CA22B1AAE5ACA00FE4691 /* Info.plist */,
			);
			name = "Supporting Files";
			sourceTree = "<group>";
		};
/* End PBXGroup section */

/* Begin PBXNativeTarget section */
		282CA2101AAE5ACA00FE4691 /* openWeather */ = {
			isa = PBXNativeTarget;
			buildConfigurationList = 282CA2301AAE5ACA00FE4691 /* Build configuration list for PBXNativeTarget "openWeather" */;
			buildPhases = (
				282CA20D1AAE5ACA00FE4691 /* Sources */,
				282CA20E1AAE5ACA00FE4691 /* Frameworks */,
				282CA20F1AAE5ACA00FE4691 /* Resources */,
			);
			buildRules = (
			);
			dependencies = (
			);
			name = openWeather;
			productName = openWeather;
			productReference = 282CA2111AAE5ACA00FE4691 /* openWeather.app */;
			productType = "com.apple.product-type.application";
		};
		282CA2251AAE5ACA00FE4691 /* openWeatherTests */ = {
			isa = PBXNativeTarget;
			buildConfigurationList = 282CA2331AAE5ACA00FE4691 /* Build configuration list for PBXNativeTarget "openWeatherTests" */;
			buildPhases = (
				282CA2221AAE5ACA00FE4691 /* Sources */,
				282CA2231AAE5ACA00FE4691 /* Frameworks */,
				282CA2241AAE5ACA00FE4691 /* Resources */,
			);
			buildRules = (
			);
			dependencies = (
				282CA2281AAE5ACA00FE4691 /* PBXTargetDependency */,
			);
			name = openWeatherTests;
			productName = openWeatherTests;
			productReference = 282CA2261AAE5ACA00FE4691 /* openWeatherTests.xctest */;
			productType = "com.apple.product-type.bundle.unit-test";
		};
/* End PBXNativeTarget section */

/* Begin PBXProject section */
		282CA2091AAE5ACA00FE4691 /* Project object */ = {
			isa = PBXProject;
			attributes = {
				LastUpgradeCheck = 0610;
				ORGANIZATIONNAME = "Johanna Ostrich";
				TargetAttributes = {
					282CA2101AAE5ACA00FE4691 = {
						CreatedOnToolsVersion = 6.1.1;
					};
					282CA2251AAE5ACA00FE4691 = {
						CreatedOnToolsVersion = 6.1.1;
						TestTargetID = 282CA2101AAE5ACA00FE4691;
					};
				};
			};
			buildConfigurationList = 282CA20C1AAE5ACA00FE4691 /* Build configuration list for PBXProject "openWeather" */;
			compatibilityVersion = "Xcode 3.2";
			developmentRegion = English;
			hasScannedForEncodings = 0;
			knownRegions = (
				en,
				Base,
			);
			mainGroup = 282CA2081AAE5ACA00FE4691;
			productRefGroup = 282CA2121AAE5ACA00FE4691 /* Products */;
			projectDirPath = "";
			projectRoot = "";
			targets = (
				282CA2101AAE5ACA00FE4691 /* openWeather */,
				282CA2251AAE5ACA00FE4691 /* openWeatherTests */,
			);
		};
/* End PBXProject section */

/* Begin PBXResourcesBuildPhase section */
		282CA20F1AAE5ACA00FE4691 /* Resources */ = {
			isa = PBXResourcesBuildPhase;
			buildActionMask = 2147483647;
			files = (
				282CA21C1AAE5ACA00FE4691 /* Main.storyboard in Resources */,
				282CA2211AAE5ACA00FE4691 /* LaunchScreen.xib in Resources */,
				282CA21E1AAE5ACA00FE4691 /* Images.xcassets in Resources */,
			);
			runOnlyForDeploymentPostprocessing = 0;
		};
		282CA2241AAE5ACA00FE4691 /* Resources */ = {
			isa = PBXResourcesBuildPhase;
			buildActionMask = 2147483647;
			files = (
			);
			runOnlyForDeploymentPostprocessing = 0;
		};
/* End PBXResourcesBuildPhase section */

/* Begin PBXSourcesBuildPhase section */
		282CA20D1AAE5ACA00FE4691 /* Sources */ = {
			isa = PBXSourcesBuildPhase;
			buildActionMask = 2147483647;
			files = (
				282CA2191AAE5ACA00FE4691 /* ViewController.swift in Sources */,
				282CA2371AAE670400FE4691 /* Weather.swift in Sources */,
				282CA2171AAE5ACA00FE4691 /* AppDelegate.swift in Sources */,
			);
			runOnlyForDeploymentPostprocessing = 0;
		};
		282CA2221AAE5ACA00FE4691 /* Sources */ = {
			isa = PBXSourcesBuildPhase;
			buildActionMask = 2147483647;
			files = (
				282CA22D1AAE5ACA00FE4691 /* openWeatherTests.swift in Sources */,
			);
			runOnlyForDeploymentPostprocessing = 0;
		};
/* End PBXSourcesBuildPhase section */

/* Begin PBXTargetDependency section */
		282CA2281AAE5ACA00FE4691 /* PBXTargetDependency */ = {
			isa = PBXTargetDependency;
			target = 282CA2101AAE5ACA00FE4691 /* openWeather */;
			targetProxy = 282CA2271AAE5ACA00FE4691 /* PBXContainerItemProxy */;
		};
/* End PBXTargetDependency section */

/* Begin PBXVariantGroup section */
		282CA21A1AAE5ACA00FE4691 /* Main.storyboard */ = {
			isa = PBXVariantGroup;
			children = (
				282CA21B1AAE5ACA00FE4691 /* Base */,
			);
			name = Main.storyboard;
			sourceTree = "<group>";
		};
		282CA21F1AAE5ACA00FE4691 /* LaunchScreen.xib */ = {
			isa = PBXVariantGroup;
			children = (
				282CA2201AAE5ACA00FE4691 /* Base */,
			);
			name = LaunchScreen.xib;
			sourceTree = "<group>";
		};
/* End PBXVariantGroup section */

/* Begin XCBuildConfiguration section */
		282CA22E1AAE5ACA00FE4691 /* Debug */ = {
			isa = XCBuildConfiguration;
			buildSettings = {
				ALWAYS_SEARCH_USER_PATHS = NO;
				CLANG_CXX_LANGUAGE_STANDARD = "gnu++0x";
				CLANG_CXX_LIBRARY = "libc++";
				CLANG_ENABLE_MODULES = YES;
				CLANG_ENABLE_OBJC_ARC = YES;
				CLANG_WARN_BOOL_CONVERSION = YES;
				CLANG_WARN_CONSTANT_CONVERSION = YES;
				CLANG_WARN_DIRECT_OBJC_ISA_USAGE = YES_ERROR;
				CLANG_WARN_EMPTY_BODY = YES;
				CLANG_WARN_ENUM_CONVERSION = YES;
				CLANG_WARN_INT_CONVERSION = YES;
				CLANG_WARN_OBJC_ROOT_CLASS = YES_ERROR;
				CLANG_WARN_UNREACHABLE_CODE = YES;
				CLANG_WARN__DUPLICATE_METHOD_MATCH = YES;
				"CODE_SIGN_IDENTITY[sdk=iphoneos*]" = "iPhone Developer";
				COPY_PHASE_STRIP = NO;
				ENABLE_STRICT_OBJC_MSGSEND = YES;
				GCC_C_LANGUAGE_STANDARD = gnu99;
				GCC_DYNAMIC_NO_PIC = NO;
				GCC_OPTIMIZATION_LEVEL = 0;
				GCC_PREPROCESSOR_DEFINITIONS = (
					"DEBUG=1",
					"$(inherited)",
				);
				GCC_SYMBOLS_PRIVATE_EXTERN = NO;
				GCC_WARN_64_TO_32_BIT_CONVERSION = YES;
				GCC_WARN_ABOUT_RETURN_TYPE = YES_ERROR;
				GCC_WARN_UNDECLARED_SELECTOR = YES;
				GCC_WARN_UNINITIALIZED_AUTOS = YES_AGGRESSIVE;
				GCC_WARN_UNUSED_FUNCTION = YES;
				GCC_WARN_UNUSED_VARIABLE = YES;
				IPHONEOS_DEPLOYMENT_TARGET = 8.1;
				MTL_ENABLE_DEBUG_INFO = YES;
				ONLY_ACTIVE_ARCH = YES;
				SDKROOT = iphoneos;
				SWIFT_OPTIMIZATION_LEVEL = "-Onone";
				TARGETED_DEVICE_FAMILY = "1,2";
			};
			name = Debug;
		};
		282CA22F1AAE5ACA00FE4691 /* Release */ = {
			isa = XCBuildConfiguration;
			buildSettings = {
				ALWAYS_SEARCH_USER_PATHS = NO;
				CLANG_CXX_LANGUAGE_STANDARD = "gnu++0x";
				CLANG_CXX_LIBRARY = "libc++";
				CLANG_ENABLE_MODULES = YES;
				CLANG_ENABLE_OBJC_ARC = YES;
				CLANG_WARN_BOOL_CONVERSION = YES;
				CLANG_WARN_CONSTANT_CONVERSION = YES;
				CLANG_WARN_DIRECT_OBJC_ISA_USAGE = YES_ERROR;
				CLANG_WARN_EMPTY_BODY = YES;
				CLANG_WARN_ENUM_CONVERSION = YES;
				CLANG_WARN_INT_CONVERSION = YES;
				CLANG_WARN_OBJC_ROOT_CLASS = YES_ERROR;
				CLANG_WARN_UNREACHABLE_CODE = YES;
				CLANG_WARN__DUPLICATE_METHOD_MATCH = YES;
				"CODE_SIGN_IDENTITY[sdk=iphoneos*]" = "iPhone Developer";
				COPY_PHASE_STRIP = YES;
				ENABLE_NS_ASSERTIONS = NO;
				ENABLE_STRICT_OBJC_MSGSEND = YES;
				GCC_C_LANGUAGE_STANDARD = gnu99;
				GCC_WARN_64_TO_32_BIT_CONVERSION = YES;
				GCC_WARN_ABOUT_RETURN_TYPE = YES_ERROR;
				GCC_WARN_UNDECLARED_SELECTOR = YES;
				GCC_WARN_UNINITIALIZED_AUTOS = YES_AGGRESSIVE;
				GCC_WARN_UNUSED_FUNCTION = YES;
				GCC_WARN_UNUSED_VARIABLE = YES;
				IPHONEOS_DEPLOYMENT_TARGET = 8.1;
				MTL_ENABLE_DEBUG_INFO = NO;
				SDKROOT = iphoneos;
				TARGETED_DEVICE_FAMILY = "1,2";
				VALIDATE_PRODUCT = YES;
			};
			name = Release;
		};
		282CA2311AAE5ACA00FE4691 /* Debug */ = {
			isa = XCBuildConfiguration;
			buildSettings = {
				ASSETCATALOG_COMPILER_APPICON_NAME = AppIcon;
				INFOPLIST_FILE = openWeather/Info.plist;
				LD_RUNPATH_SEARCH_PATHS = "$(inherited) @executable_path/Frameworks";
				PRODUCT_NAME = "$(TARGET_NAME)";
			};
			name = Debug;
		};
		282CA2321AAE5ACA00FE4691 /* Release */ = {
			isa = XCBuildConfiguration;
			buildSettings = {
				ASSETCATALOG_COMPILER_APPICON_NAME = AppIcon;
				INFOPLIST_FILE = openWeather/Info.plist;
				LD_RUNPATH_SEARCH_PATHS = "$(inherited) @executable_path/Frameworks";
				PRODUCT_NAME = "$(TARGET_NAME)";
			};
			name = Release;
		};
		282CA2341AAE5ACA00FE4691 /* Debug */ = {
			isa = XCBuildConfiguration;
			buildSettings = {
				BUNDLE_LOADER = "$(TEST_HOST)";
				FRAMEWORK_SEARCH_PATHS = (
					"$(SDKROOT)/Developer/Library/Frameworks",
					"$(inherited)",
				);
				GCC_PREPROCESSOR_DEFINITIONS = (
					"DEBUG=1",
					"$(inherited)",
				);
				INFOPLIST_FILE = openWeatherTests/Info.plist;
				LD_RUNPATH_SEARCH_PATHS = "$(inherited) @executable_path/Frameworks @loader_path/Frameworks";
				PRODUCT_NAME = "$(TARGET_NAME)";
				TEST_HOST = "$(BUILT_PRODUCTS_DIR)/openWeather.app/openWeather";
			};
			name = Debug;
		};
		282CA2351AAE5ACA00FE4691 /* Release */ = {
			isa = XCBuildConfiguration;
			buildSettings = {
				BUNDLE_LOADER = "$(TEST_HOST)";
				FRAMEWORK_SEARCH_PATHS = (
					"$(SDKROOT)/Developer/Library/Frameworks",
					"$(inherited)",
				);
				INFOPLIST_FILE = openWeatherTests/Info.plist;
				LD_RUNPATH_SEARCH_PATHS = "$(inherited) @executable_path/Frameworks @loader_path/Frameworks";
				PRODUCT_NAME = "$(TARGET_NAME)";
				TEST_HOST = "$(BUILT_PRODUCTS_DIR)/openWeather.app/openWeather";
			};
			name = Release;
		};
/* End XCBuildConfiguration section */

/* Begin XCConfigurationList section */
		282CA20C1AAE5ACA00FE4691 /* Build configuration list for PBXProject "openWeather" */ = {
			isa = XCConfigurationList;
			buildConfigurations = (
				282CA22E1AAE5ACA00FE4691 /* Debug */,
				282CA22F1AAE5ACA00FE4691 /* Release */,
			);
			defaultConfigurationIsVisible = 0;
			defaultConfigurationName = Release;
		};
		282CA2301AAE5ACA00FE4691 /* Build configuration list for PBXNativeTarget "openWeather" */ = {
			isa = XCConfigurationList;
			buildConfigurations = (
				282CA2311AAE5ACA00FE4691 /* Debug */,
				282CA2321AAE5ACA00FE4691 /* Release */,
			);
			defaultConfigurationIsVisible = 0;
		};
		282CA2331AAE5ACA00FE4691 /* Build configuration list for PBXNativeTarget "openWeatherTests" */ = {
			isa = XCConfigurationList;
			buildConfigurations = (
				282CA2341AAE5ACA00FE4691 /* Debug */,
				282CA2351AAE5ACA00FE4691 /* Release */,
			);
			defaultConfigurationIsVisible = 0;
		};
/* End XCConfigurationList section */
	};
	rootObject = 282CA2091AAE5ACA00FE4691 /* Project object */;
}
